// !$*UTF8*$!
{
	archiveVersion = 1;
	classes = {
	};
	objectVersion = 55;
	objects = {

/* Begin PBXBuildFile section */
		F5854448286491B700AD9266 /* EssentialFeed.framework in Frameworks */ = {isa = PBXBuildFile; fileRef = F5854446286491B700AD9266 /* EssentialFeed.framework */; };
		F5854449286491B700AD9266 /* EssentialFeed.framework in Embed Frameworks */ = {isa = PBXBuildFile; fileRef = F5854446286491B700AD9266 /* EssentialFeed.framework */; settings = {ATTRIBUTES = (CodeSignOnCopy, RemoveHeadersOnCopy, ); }; };
		F585444A286491B700AD9266 /* EssentialFeediOS.framework in Frameworks */ = {isa = PBXBuildFile; fileRef = F5854447286491B700AD9266 /* EssentialFeediOS.framework */; };
		F585444B286491B700AD9266 /* EssentialFeediOS.framework in Embed Frameworks */ = {isa = PBXBuildFile; fileRef = F5854447286491B700AD9266 /* EssentialFeediOS.framework */; settings = {ATTRIBUTES = (CodeSignOnCopy, RemoveHeadersOnCopy, ); }; };
		F585445528649BC400AD9266 /* Main_module_01.md in Resources */ = {isa = PBXBuildFile; fileRef = F585445428649BC400AD9266 /* Main_module_01.md */; };
		F585445B28649C3700AD9266 /* Separate_models.png in Resources */ = {isa = PBXBuildFile; fileRef = F585445728649C3600AD9266 /* Separate_models.png */; };
		F585445C28649C3700AD9266 /* Architecture.png in Resources */ = {isa = PBXBuildFile; fileRef = F585445828649C3700AD9266 /* Architecture.png */; };
		F585445D28649C3700AD9266 /* ISP.png in Resources */ = {isa = PBXBuildFile; fileRef = F585445928649C3700AD9266 /* ISP.png */; };
		F585445E28649C3700AD9266 /* External_storage.png in Resources */ = {isa = PBXBuildFile; fileRef = F585445A28649C3700AD9266 /* External_storage.png */; };
		F5855764286556F1001E3476 /* FeedLoaderWithFallbackComposite.swift in Sources */ = {isa = PBXBuildFile; fileRef = F5855763286556F1001E3476 /* FeedLoaderWithFallbackComposite.swift */; };
		F58557662865582F001E3476 /* FeedImageDataLoaderWithFallbackCompositeTests.swift in Sources */ = {isa = PBXBuildFile; fileRef = F58557652865582F001E3476 /* FeedImageDataLoaderWithFallbackCompositeTests.swift */; };
		F5855768286567B7001E3476 /* FeedImageDataLoaderWithFallbackComposite.swift in Sources */ = {isa = PBXBuildFile; fileRef = F5855767286567B7001E3476 /* FeedImageDataLoaderWithFallbackComposite.swift */; };
		F585576C28656826001E3476 /* XCTestCase+MemoryLeakTracking.swift in Sources */ = {isa = PBXBuildFile; fileRef = F585576B28656826001E3476 /* XCTestCase+MemoryLeakTracking.swift */; };
		F585576E286568A5001E3476 /* SharedTestHelpers.swift in Sources */ = {isa = PBXBuildFile; fileRef = F585576D286568A5001E3476 /* SharedTestHelpers.swift */; };
		F585577128656D75001E3476 /* 2.png in Resources */ = {isa = PBXBuildFile; fileRef = F585576F28656D75001E3476 /* 2.png */; };
		F585577228656D75001E3476 /* 1.png in Resources */ = {isa = PBXBuildFile; fileRef = F585577028656D75001E3476 /* 1.png */; };
		F585577428656E69001E3476 /* concrete types.png in Resources */ = {isa = PBXBuildFile; fileRef = F585577328656E69001E3476 /* concrete types.png */; };
		F585577628656E9F001E3476 /* abstractTypes.png in Resources */ = {isa = PBXBuildFile; fileRef = F585577528656E9F001E3476 /* abstractTypes.png */; };
		F585577828656EC9001E3476 /* customProtocol.png in Resources */ = {isa = PBXBuildFile; fileRef = F585577728656EC9001E3476 /* customProtocol.png */; };
		F585577A28656F33001E3476 /* compositeWithRemoteLocal.png in Resources */ = {isa = PBXBuildFile; fileRef = F585577928656F33001E3476 /* compositeWithRemoteLocal.png */; };
		F585577C28656F90001E3476 /* CompositeDesignPattern.png in Resources */ = {isa = PBXBuildFile; fileRef = F585577B28656F90001E3476 /* CompositeDesignPattern.png */; };
		F585577E28656FD5001E3476 /* relatedPattern.png in Resources */ = {isa = PBXBuildFile; fileRef = F585577D28656FD5001E3476 /* relatedPattern.png */; };
		F58557812865B0D6001E3476 /* Main_module_03.md in Resources */ = {isa = PBXBuildFile; fileRef = F58557802865B0D6001E3476 /* Main_module_03.md */; };
		F58557832865B2D6001E3476 /* FeedLoaderCacheDecoratorTests.swift in Sources */ = {isa = PBXBuildFile; fileRef = F58557822865B2D6001E3476 /* FeedLoaderCacheDecoratorTests.swift */; };
		F58557852865BA05001E3476 /* FeedLoaderStub.swift in Sources */ = {isa = PBXBuildFile; fileRef = F58557842865BA05001E3476 /* FeedLoaderStub.swift */; };
		F58557872865BB88001E3476 /* XCTestCase+FeedLoader.swift in Sources */ = {isa = PBXBuildFile; fileRef = F58557862865BB88001E3476 /* XCTestCase+FeedLoader.swift */; };
		F585578B2865D006001E3476 /* FeedLoaderCacheDecorator.swift in Sources */ = {isa = PBXBuildFile; fileRef = F585578A2865D006001E3476 /* FeedLoaderCacheDecorator.swift */; };
		F585AA84286952A900D72243 /* Main_Module_Lecture_06.md in Resources */ = {isa = PBXBuildFile; fileRef = F585AA83286952A900D72243 /* Main_Module_Lecture_06.md */; };
		F585AA962869C49700D72243 /* Screenshot 2022-06-27 at 4.25.43 PM.png in Resources */ = {isa = PBXBuildFile; fileRef = F585AA952869C49700D72243 /* Screenshot 2022-06-27 at 4.25.43 PM.png */; };
		F585AA992869C4CC00D72243 /* Main_module_lecture_07.md in Resources */ = {isa = PBXBuildFile; fileRef = F585AA982869C4CC00D72243 /* Main_module_lecture_07.md */; };
		F585AA9D2869D19900D72243 /* 1.png in Resources */ = {isa = PBXBuildFile; fileRef = F585AA9C2869D19900D72243 /* 1.png */; };
		F585AAA02869EC0A00D72243 /* Main_module_lecture_08.md in Resources */ = {isa = PBXBuildFile; fileRef = F585AA9F2869EC0A00D72243 /* Main_module_lecture_08.md */; };
		F585AAA62869EE1700D72243 /* Horizontal slicing_3.png in Resources */ = {isa = PBXBuildFile; fileRef = F585AAA12869EE1700D72243 /* Horizontal slicing_3.png */; };
		F585AAA72869EE1700D72243 /* Feature_vertical.png in Resources */ = {isa = PBXBuildFile; fileRef = F585AAA22869EE1700D72243 /* Feature_vertical.png */; };
		F585AAA82869EE1700D72243 /* Screenshot 2022-06-27 at 7.21.46 PM.png in Resources */ = {isa = PBXBuildFile; fileRef = F585AAA32869EE1700D72243 /* Screenshot 2022-06-27 at 7.21.46 PM.png */; };
		F585AAA92869EE1700D72243 /* MOnolith.png in Resources */ = {isa = PBXBuildFile; fileRef = F585AAA42869EE1700D72243 /* MOnolith.png */; };
		F585AAAA2869EE1700D72243 /* Horizontal slicing_2.png in Resources */ = {isa = PBXBuildFile; fileRef = F585AAA52869EE1700D72243 /* Horizontal slicing_2.png */; };
		F585AAB52869F08100D72243 /* Project_org_4.png in Resources */ = {isa = PBXBuildFile; fileRef = F585AAAB2869F08000D72243 /* Project_org_4.png */; };
		F585AAB62869F08100D72243 /* packages.png in Resources */ = {isa = PBXBuildFile; fileRef = F585AAAC2869F08000D72243 /* packages.png */; };
		F585AAB72869F08100D72243 /* suggestion.png in Resources */ = {isa = PBXBuildFile; fileRef = F585AAAD2869F08000D72243 /* suggestion.png */; };
		F585AAB82869F08100D72243 /* horizontal_sliceing.png in Resources */ = {isa = PBXBuildFile; fileRef = F585AAAE2869F08000D72243 /* horizontal_sliceing.png */; };
		F585AAB92869F08100D72243 /* horizontal_Feature-vertical.png in Resources */ = {isa = PBXBuildFile; fileRef = F585AAAF2869F08000D72243 /* horizontal_Feature-vertical.png */; };
		F585AABA2869F08100D72243 /* Project_org_1.png in Resources */ = {isa = PBXBuildFile; fileRef = F585AAB02869F08100D72243 /* Project_org_1.png */; };
		F585AABB2869F08100D72243 /* Project_org_2.png in Resources */ = {isa = PBXBuildFile; fileRef = F585AAB12869F08100D72243 /* Project_org_2.png */; };
		F585AABC2869F08100D72243 /* horizontal_Feature-vertical_2.png in Resources */ = {isa = PBXBuildFile; fileRef = F585AAB22869F08100D72243 /* horizontal_Feature-vertical_2.png */; };
		F585AABD2869F08100D72243 /* Project_org_3.png in Resources */ = {isa = PBXBuildFile; fileRef = F585AAB32869F08100D72243 /* Project_org_3.png */; };
		F585AABE2869F08100D72243 /* horizontal_sliceing_1.png in Resources */ = {isa = PBXBuildFile; fileRef = F585AAB42869F08100D72243 /* horizontal_sliceing_1.png */; };
		F59B7FB628686B6C00E6C45F /* lecture_5_6.png in Resources */ = {isa = PBXBuildFile; fileRef = F59B7FB028686B6C00E6C45F /* lecture_5_6.png */; };
		F59B7FB728686B6C00E6C45F /* lecture_5_3.png in Resources */ = {isa = PBXBuildFile; fileRef = F59B7FB128686B6C00E6C45F /* lecture_5_3.png */; };
		F59B7FB828686B6C00E6C45F /* lecture_5_2.png in Resources */ = {isa = PBXBuildFile; fileRef = F59B7FB228686B6C00E6C45F /* lecture_5_2.png */; };
		F59B7FB928686B6C00E6C45F /* lecture_5_1.png in Resources */ = {isa = PBXBuildFile; fileRef = F59B7FB328686B6C00E6C45F /* lecture_5_1.png */; };
		F59B7FBA28686B6C00E6C45F /* lecture_5_5.png in Resources */ = {isa = PBXBuildFile; fileRef = F59B7FB428686B6C00E6C45F /* lecture_5_5.png */; };
		F59B7FBB28686B6C00E6C45F /* lecture_5_4.png in Resources */ = {isa = PBXBuildFile; fileRef = F59B7FB528686B6C00E6C45F /* lecture_5_4.png */; };
		F5B766982866F60A009DE53C /* 6.png in Resources */ = {isa = PBXBuildFile; fileRef = F5B766922866F609009DE53C /* 6.png */; };
		F5B766992866F60A009DE53C /* 2.png in Resources */ = {isa = PBXBuildFile; fileRef = F5B766932866F609009DE53C /* 2.png */; };
		F5B7669A2866F60A009DE53C /* 4.png in Resources */ = {isa = PBXBuildFile; fileRef = F5B766942866F609009DE53C /* 4.png */; };
		F5B7669B2866F60A009DE53C /* 1.png in Resources */ = {isa = PBXBuildFile; fileRef = F5B766952866F609009DE53C /* 1.png */; };
		F5B7669C2866F60A009DE53C /* 5.png in Resources */ = {isa = PBXBuildFile; fileRef = F5B766962866F60A009DE53C /* 5.png */; };
		F5B7669D2866F60A009DE53C /* 3.png in Resources */ = {isa = PBXBuildFile; fileRef = F5B766972866F60A009DE53C /* 3.png */; };
		F5B766A02866F747009DE53C /* decorator.png in Resources */ = {isa = PBXBuildFile; fileRef = F5B7669E2866F747009DE53C /* decorator.png */; };
		F5B766A12866F747009DE53C /* Intercption.png in Resources */ = {isa = PBXBuildFile; fileRef = F5B7669F2866F747009DE53C /* Intercption.png */; };
		F5B766A32866F80D009DE53C /* FeedImageDataLoaderCacheDecoratorTests.swift in Sources */ = {isa = PBXBuildFile; fileRef = F5B766A22866F80D009DE53C /* FeedImageDataLoaderCacheDecoratorTests.swift */; };
		F5B766A52867035E009DE53C /* FeedImageDataLoaderSpy.swift in Sources */ = {isa = PBXBuildFile; fileRef = F5B766A42867035E009DE53C /* FeedImageDataLoaderSpy.swift */; };
		F5B766A72867044F009DE53C /* XCTestCase+FeedImageDataLoader.swift in Sources */ = {isa = PBXBuildFile; fileRef = F5B766A62867044F009DE53C /* XCTestCase+FeedImageDataLoader.swift */; };
		F5B766AB286708ED009DE53C /* FeedImageDataLoaderCacheDecorator.swift in Sources */ = {isa = PBXBuildFile; fileRef = F5B766AA286708ED009DE53C /* FeedImageDataLoaderCacheDecorator.swift */; };
		F5B766AE28670A22009DE53C /* docorator01.png in Resources */ = {isa = PBXBuildFile; fileRef = F5B766AC28670A22009DE53C /* docorator01.png */; };
		F5B766AF28670A22009DE53C /* modularity.png in Resources */ = {isa = PBXBuildFile; fileRef = F5B766AD28670A22009DE53C /* modularity.png */; };
		F5B766B728672BEC009DE53C /* EssentialAppUIAcceptanceTests.swift in Sources */ = {isa = PBXBuildFile; fileRef = F5B766B628672BEC009DE53C /* EssentialAppUIAcceptanceTests.swift */; };
		F5B766B928672BEC009DE53C /* EssentialAppUIAcceptanceTestsLaunchTests.swift in Sources */ = {isa = PBXBuildFile; fileRef = F5B766B828672BEC009DE53C /* EssentialAppUIAcceptanceTestsLaunchTests.swift */; };
		F5B766C12867451E009DE53C /* Main_module_lecture_04.md in Resources */ = {isa = PBXBuildFile; fileRef = F5B766C02867451E009DE53C /* Main_module_lecture_04.md */; };
		F5B766C32867461F009DE53C /* DebuggingSceneDelegate.swift in Sources */ = {isa = PBXBuildFile; fileRef = F5B766C22867461F009DE53C /* DebuggingSceneDelegate.swift */; };
		F5D87C3E2864D386005804C0 /* Lecture_02.md in Resources */ = {isa = PBXBuildFile; fileRef = F5D87C3D2864D386005804C0 /* Lecture_02.md */; };
		F5D87C4D2864D4E4005804C0 /* RemoteWithLocalFallbackFeedloaderTests.swift in Sources */ = {isa = PBXBuildFile; fileRef = F5D87C4C2864D4E4005804C0 /* RemoteWithLocalFallbackFeedloaderTests.swift */; };
		F5DBA70328648D7400E009FB /* AppDelegate.swift in Sources */ = {isa = PBXBuildFile; fileRef = F5DBA70228648D7400E009FB /* AppDelegate.swift */; };
		F5DBA70528648D7400E009FB /* SceneDelegate.swift in Sources */ = {isa = PBXBuildFile; fileRef = F5DBA70428648D7400E009FB /* SceneDelegate.swift */; };
		F5DBA70728648D7400E009FB /* ViewController.swift in Sources */ = {isa = PBXBuildFile; fileRef = F5DBA70628648D7400E009FB /* ViewController.swift */; };
		F5DBA70A28648D7400E009FB /* Main.storyboard in Resources */ = {isa = PBXBuildFile; fileRef = F5DBA70828648D7400E009FB /* Main.storyboard */; };
		F5DBA70C28648D7600E009FB /* Assets.xcassets in Resources */ = {isa = PBXBuildFile; fileRef = F5DBA70B28648D7600E009FB /* Assets.xcassets */; };
		F5DBA70F28648D7600E009FB /* LaunchScreen.storyboard in Resources */ = {isa = PBXBuildFile; fileRef = F5DBA70D28648D7600E009FB /* LaunchScreen.storyboard */; };
		F5DBE2B02867FCC300917F64 /* LECTURE_4-2.png in Resources */ = {isa = PBXBuildFile; fileRef = F5DBE2AB2867FCC200917F64 /* LECTURE_4-2.png */; };
		F5DBE2B12867FCC300917F64 /* LECTURE_4-3.png in Resources */ = {isa = PBXBuildFile; fileRef = F5DBE2AC2867FCC200917F64 /* LECTURE_4-3.png */; };
		F5DBE2B22867FCC300917F64 /* LECTURE_4-4.png in Resources */ = {isa = PBXBuildFile; fileRef = F5DBE2AD2867FCC200917F64 /* LECTURE_4-4.png */; };
		F5DBE2B32867FCC300917F64 /* LECTURE_4-1.png in Resources */ = {isa = PBXBuildFile; fileRef = F5DBE2AE2867FCC200917F64 /* LECTURE_4-1.png */; };
		F5DBE2B42867FCC300917F64 /* LECTURE_4-5.png in Resources */ = {isa = PBXBuildFile; fileRef = F5DBE2AF2867FCC200917F64 /* LECTURE_4-5.png */; };
		F5DBE2B82867FDCA00917F64 /* LECTURE_4-6.png in Resources */ = {isa = PBXBuildFile; fileRef = F5DBE2B52867FDC900917F64 /* LECTURE_4-6.png */; };
		F5DBE2B92867FDCA00917F64 /* LECTURE_4-7.png in Resources */ = {isa = PBXBuildFile; fileRef = F5DBE2B62867FDC900917F64 /* LECTURE_4-7.png */; };
		F5DBE2BA2867FDCA00917F64 /* LECTURE_4-8.png in Resources */ = {isa = PBXBuildFile; fileRef = F5DBE2B72867FDCA00917F64 /* LECTURE_4-8.png */; };
		F5DBE2BD28681EFE00917F64 /* Main_module_05.md in Resources */ = {isa = PBXBuildFile; fileRef = F5DBE2BC28681EFE00917F64 /* Main_module_05.md */; };
		F5DBE2BF2868224800917F64 /* SceneDelegateTests.swift in Sources */ = {isa = PBXBuildFile; fileRef = F5DBE2BE2868224800917F64 /* SceneDelegateTests.swift */; };
		F5DBE2C2286828EF00917F64 /* MainQueueDispatchDecorator.swift in Sources */ = {isa = PBXBuildFile; fileRef = F5DBE2C0286828EF00917F64 /* MainQueueDispatchDecorator.swift */; };
		F5DBE2C3286828EF00917F64 /* FeedUIComposer.swift in Sources */ = {isa = PBXBuildFile; fileRef = F5DBE2C1286828EF00917F64 /* FeedUIComposer.swift */; };
		F5DBE2D828682A9300917F64 /* WeakRefVirtualProxy.swift in Sources */ = {isa = PBXBuildFile; fileRef = F5DBE2D728682A9300917F64 /* WeakRefVirtualProxy.swift */; };
		F5DBE2DA2868304900917F64 /* FeedAcceptanceTests.swift in Sources */ = {isa = PBXBuildFile; fileRef = F5DBE2D92868304900917F64 /* FeedAcceptanceTests.swift */; };
		F5DBE2DE2868369500917F64 /* FeedViewController+TestHelpers.swift in Sources */ = {isa = PBXBuildFile; fileRef = F5DBE2DD2868369500917F64 /* FeedViewController+TestHelpers.swift */; };
		F5DBE2E32868379F00917F64 /* UIRefreshControl+TestHelper.swift in Sources */ = {isa = PBXBuildFile; fileRef = F5DBE2E12868379F00917F64 /* UIRefreshControl+TestHelper.swift */; };
		F5DBE2E52868379F00917F64 /* UIImage+TestHelper.swift in Sources */ = {isa = PBXBuildFile; fileRef = F5DBE2E22868379F00917F64 /* UIImage+TestHelper.swift */; };
		F5DBE2E62868379F00917F64 /* UIButton+TestHelper.swift in Sources */ = {isa = PBXBuildFile; fileRef = F5DBE2E02868379F00917F64 /* UIButton+TestHelper.swift */; };
/* End PBXBuildFile section */

/* Begin PBXContainerItemProxy section */
		F5B766BA28672BEC009DE53C /* PBXContainerItemProxy */ = {
			isa = PBXContainerItemProxy;
			containerPortal = F5DBA6F728648D7400E009FB /* Project object */;
			proxyType = 1;
			remoteGlobalIDString = F5DBA6FE28648D7400E009FB;
			remoteInfo = EssentialApp;
		};
		F5D87C472864D444005804C0 /* PBXContainerItemProxy */ = {
			isa = PBXContainerItemProxy;
			containerPortal = F5DBA6F728648D7400E009FB /* Project object */;
			proxyType = 1;
			remoteGlobalIDString = F5DBA6FE28648D7400E009FB;
			remoteInfo = EssentialApp;
		};
/* End PBXContainerItemProxy section */

/* Begin PBXCopyFilesBuildPhase section */
		F585444C286491B700AD9266 /* Embed Frameworks */ = {
			isa = PBXCopyFilesBuildPhase;
			buildActionMask = 2147483647;
			dstPath = "";
			dstSubfolderSpec = 10;
			files = (
				F5854449286491B700AD9266 /* EssentialFeed.framework in Embed Frameworks */,
				F585444B286491B700AD9266 /* EssentialFeediOS.framework in Embed Frameworks */,
			);
			name = "Embed Frameworks";
			runOnlyForDeploymentPostprocessing = 0;
		};
/* End PBXCopyFilesBuildPhase section */

/* Begin PBXFileReference section */
		F5854446286491B700AD9266 /* EssentialFeed.framework */ = {isa = PBXFileReference; explicitFileType = wrapper.framework; path = EssentialFeed.framework; sourceTree = BUILT_PRODUCTS_DIR; };
		F5854447286491B700AD9266 /* EssentialFeediOS.framework */ = {isa = PBXFileReference; explicitFileType = wrapper.framework; path = EssentialFeediOS.framework; sourceTree = BUILT_PRODUCTS_DIR; };
		F585445428649BC400AD9266 /* Main_module_01.md */ = {isa = PBXFileReference; lastKnownFileType = net.daringfireball.markdown; path = Main_module_01.md; sourceTree = "<group>"; };
		F585445728649C3600AD9266 /* Separate_models.png */ = {isa = PBXFileReference; lastKnownFileType = image.png; path = Separate_models.png; sourceTree = "<group>"; };
		F585445828649C3700AD9266 /* Architecture.png */ = {isa = PBXFileReference; lastKnownFileType = image.png; path = Architecture.png; sourceTree = "<group>"; };
		F585445928649C3700AD9266 /* ISP.png */ = {isa = PBXFileReference; lastKnownFileType = image.png; path = ISP.png; sourceTree = "<group>"; };
		F585445A28649C3700AD9266 /* External_storage.png */ = {isa = PBXFileReference; lastKnownFileType = image.png; path = External_storage.png; sourceTree = "<group>"; };
		F5855763286556F1001E3476 /* FeedLoaderWithFallbackComposite.swift */ = {isa = PBXFileReference; lastKnownFileType = sourcecode.swift; path = FeedLoaderWithFallbackComposite.swift; sourceTree = "<group>"; };
		F58557652865582F001E3476 /* FeedImageDataLoaderWithFallbackCompositeTests.swift */ = {isa = PBXFileReference; lastKnownFileType = sourcecode.swift; path = FeedImageDataLoaderWithFallbackCompositeTests.swift; sourceTree = "<group>"; };
		F5855767286567B7001E3476 /* FeedImageDataLoaderWithFallbackComposite.swift */ = {isa = PBXFileReference; lastKnownFileType = sourcecode.swift; path = FeedImageDataLoaderWithFallbackComposite.swift; sourceTree = "<group>"; };
		F585576B28656826001E3476 /* XCTestCase+MemoryLeakTracking.swift */ = {isa = PBXFileReference; lastKnownFileType = sourcecode.swift; path = "XCTestCase+MemoryLeakTracking.swift"; sourceTree = "<group>"; };
		F585576D286568A5001E3476 /* SharedTestHelpers.swift */ = {isa = PBXFileReference; lastKnownFileType = sourcecode.swift; path = SharedTestHelpers.swift; sourceTree = "<group>"; };
		F585576F28656D75001E3476 /* 2.png */ = {isa = PBXFileReference; lastKnownFileType = image.png; path = 2.png; sourceTree = "<group>"; };
		F585577028656D75001E3476 /* 1.png */ = {isa = PBXFileReference; lastKnownFileType = image.png; path = 1.png; sourceTree = "<group>"; };
		F585577328656E69001E3476 /* concrete types.png */ = {isa = PBXFileReference; lastKnownFileType = image.png; path = "concrete types.png"; sourceTree = "<group>"; };
		F585577528656E9F001E3476 /* abstractTypes.png */ = {isa = PBXFileReference; lastKnownFileType = image.png; path = abstractTypes.png; sourceTree = "<group>"; };
		F585577728656EC9001E3476 /* customProtocol.png */ = {isa = PBXFileReference; lastKnownFileType = image.png; path = customProtocol.png; sourceTree = "<group>"; };
		F585577928656F33001E3476 /* compositeWithRemoteLocal.png */ = {isa = PBXFileReference; lastKnownFileType = image.png; path = compositeWithRemoteLocal.png; sourceTree = "<group>"; };
		F585577B28656F90001E3476 /* CompositeDesignPattern.png */ = {isa = PBXFileReference; lastKnownFileType = image.png; path = CompositeDesignPattern.png; sourceTree = "<group>"; };
		F585577D28656FD5001E3476 /* relatedPattern.png */ = {isa = PBXFileReference; lastKnownFileType = image.png; path = relatedPattern.png; sourceTree = "<group>"; };
		F58557802865B0D6001E3476 /* Main_module_03.md */ = {isa = PBXFileReference; lastKnownFileType = net.daringfireball.markdown; path = Main_module_03.md; sourceTree = "<group>"; };
		F58557822865B2D6001E3476 /* FeedLoaderCacheDecoratorTests.swift */ = {isa = PBXFileReference; lastKnownFileType = sourcecode.swift; path = FeedLoaderCacheDecoratorTests.swift; sourceTree = "<group>"; };
		F58557842865BA05001E3476 /* FeedLoaderStub.swift */ = {isa = PBXFileReference; lastKnownFileType = sourcecode.swift; path = FeedLoaderStub.swift; sourceTree = "<group>"; };
		F58557862865BB88001E3476 /* XCTestCase+FeedLoader.swift */ = {isa = PBXFileReference; lastKnownFileType = sourcecode.swift; path = "XCTestCase+FeedLoader.swift"; sourceTree = "<group>"; };
		F585578A2865D006001E3476 /* FeedLoaderCacheDecorator.swift */ = {isa = PBXFileReference; lastKnownFileType = sourcecode.swift; path = FeedLoaderCacheDecorator.swift; sourceTree = "<group>"; };
		F585AA83286952A900D72243 /* Main_Module_Lecture_06.md */ = {isa = PBXFileReference; fileEncoding = 4; lastKnownFileType = net.daringfireball.markdown; path = Main_Module_Lecture_06.md; sourceTree = "<group>"; };
		F585AA952869C49700D72243 /* Screenshot 2022-06-27 at 4.25.43 PM.png */ = {isa = PBXFileReference; lastKnownFileType = image.png; path = "Screenshot 2022-06-27 at 4.25.43 PM.png"; sourceTree = "<group>"; };
		F585AA982869C4CC00D72243 /* Main_module_lecture_07.md */ = {isa = PBXFileReference; lastKnownFileType = net.daringfireball.markdown; path = Main_module_lecture_07.md; sourceTree = "<group>"; };
		F585AA9C2869D19900D72243 /* 1.png */ = {isa = PBXFileReference; lastKnownFileType = image.png; path = 1.png; sourceTree = "<group>"; };
		F585AA9F2869EC0A00D72243 /* Main_module_lecture_08.md */ = {isa = PBXFileReference; lastKnownFileType = net.daringfireball.markdown; path = Main_module_lecture_08.md; sourceTree = "<group>"; };
		F585AAA12869EE1700D72243 /* Horizontal slicing_3.png */ = {isa = PBXFileReference; lastKnownFileType = image.png; path = "Horizontal slicing_3.png"; sourceTree = "<group>"; };
		F585AAA22869EE1700D72243 /* Feature_vertical.png */ = {isa = PBXFileReference; lastKnownFileType = image.png; path = Feature_vertical.png; sourceTree = "<group>"; };
		F585AAA32869EE1700D72243 /* Screenshot 2022-06-27 at 7.21.46 PM.png */ = {isa = PBXFileReference; lastKnownFileType = image.png; path = "Screenshot 2022-06-27 at 7.21.46 PM.png"; sourceTree = "<group>"; };
		F585AAA42869EE1700D72243 /* MOnolith.png */ = {isa = PBXFileReference; lastKnownFileType = image.png; path = MOnolith.png; sourceTree = "<group>"; };
		F585AAA52869EE1700D72243 /* Horizontal slicing_2.png */ = {isa = PBXFileReference; lastKnownFileType = image.png; path = "Horizontal slicing_2.png"; sourceTree = "<group>"; };
		F585AAAB2869F08000D72243 /* Project_org_4.png */ = {isa = PBXFileReference; lastKnownFileType = image.png; path = Project_org_4.png; sourceTree = "<group>"; };
		F585AAAC2869F08000D72243 /* packages.png */ = {isa = PBXFileReference; lastKnownFileType = image.png; path = packages.png; sourceTree = "<group>"; };
		F585AAAD2869F08000D72243 /* suggestion.png */ = {isa = PBXFileReference; lastKnownFileType = image.png; path = suggestion.png; sourceTree = "<group>"; };
		F585AAAE2869F08000D72243 /* horizontal_sliceing.png */ = {isa = PBXFileReference; lastKnownFileType = image.png; path = horizontal_sliceing.png; sourceTree = "<group>"; };
		F585AAAF2869F08000D72243 /* horizontal_Feature-vertical.png */ = {isa = PBXFileReference; lastKnownFileType = image.png; path = "horizontal_Feature-vertical.png"; sourceTree = "<group>"; };
		F585AAB02869F08100D72243 /* Project_org_1.png */ = {isa = PBXFileReference; lastKnownFileType = image.png; path = Project_org_1.png; sourceTree = "<group>"; };
		F585AAB12869F08100D72243 /* Project_org_2.png */ = {isa = PBXFileReference; lastKnownFileType = image.png; path = Project_org_2.png; sourceTree = "<group>"; };
		F585AAB22869F08100D72243 /* horizontal_Feature-vertical_2.png */ = {isa = PBXFileReference; lastKnownFileType = image.png; path = "horizontal_Feature-vertical_2.png"; sourceTree = "<group>"; };
		F585AAB32869F08100D72243 /* Project_org_3.png */ = {isa = PBXFileReference; lastKnownFileType = image.png; path = Project_org_3.png; sourceTree = "<group>"; };
		F585AAB42869F08100D72243 /* horizontal_sliceing_1.png */ = {isa = PBXFileReference; lastKnownFileType = image.png; path = horizontal_sliceing_1.png; sourceTree = "<group>"; };
		F59B7FB028686B6C00E6C45F /* lecture_5_6.png */ = {isa = PBXFileReference; lastKnownFileType = image.png; path = lecture_5_6.png; sourceTree = "<group>"; };
		F59B7FB128686B6C00E6C45F /* lecture_5_3.png */ = {isa = PBXFileReference; lastKnownFileType = image.png; path = lecture_5_3.png; sourceTree = "<group>"; };
		F59B7FB228686B6C00E6C45F /* lecture_5_2.png */ = {isa = PBXFileReference; lastKnownFileType = image.png; path = lecture_5_2.png; sourceTree = "<group>"; };
		F59B7FB328686B6C00E6C45F /* lecture_5_1.png */ = {isa = PBXFileReference; lastKnownFileType = image.png; path = lecture_5_1.png; sourceTree = "<group>"; };
		F59B7FB428686B6C00E6C45F /* lecture_5_5.png */ = {isa = PBXFileReference; lastKnownFileType = image.png; path = lecture_5_5.png; sourceTree = "<group>"; };
		F59B7FB528686B6C00E6C45F /* lecture_5_4.png */ = {isa = PBXFileReference; lastKnownFileType = image.png; path = lecture_5_4.png; sourceTree = "<group>"; };
		F5B766922866F609009DE53C /* 6.png */ = {isa = PBXFileReference; lastKnownFileType = image.png; path = 6.png; sourceTree = "<group>"; };
		F5B766932866F609009DE53C /* 2.png */ = {isa = PBXFileReference; lastKnownFileType = image.png; path = 2.png; sourceTree = "<group>"; };
		F5B766942866F609009DE53C /* 4.png */ = {isa = PBXFileReference; lastKnownFileType = image.png; path = 4.png; sourceTree = "<group>"; };
		F5B766952866F609009DE53C /* 1.png */ = {isa = PBXFileReference; lastKnownFileType = image.png; path = 1.png; sourceTree = "<group>"; };
		F5B766962866F60A009DE53C /* 5.png */ = {isa = PBXFileReference; lastKnownFileType = image.png; path = 5.png; sourceTree = "<group>"; };
		F5B766972866F60A009DE53C /* 3.png */ = {isa = PBXFileReference; lastKnownFileType = image.png; path = 3.png; sourceTree = "<group>"; };
		F5B7669E2866F747009DE53C /* decorator.png */ = {isa = PBXFileReference; lastKnownFileType = image.png; path = decorator.png; sourceTree = "<group>"; };
		F5B7669F2866F747009DE53C /* Intercption.png */ = {isa = PBXFileReference; lastKnownFileType = image.png; path = Intercption.png; sourceTree = "<group>"; };
		F5B766A22866F80D009DE53C /* FeedImageDataLoaderCacheDecoratorTests.swift */ = {isa = PBXFileReference; lastKnownFileType = sourcecode.swift; path = FeedImageDataLoaderCacheDecoratorTests.swift; sourceTree = "<group>"; };
		F5B766A42867035E009DE53C /* FeedImageDataLoaderSpy.swift */ = {isa = PBXFileReference; lastKnownFileType = sourcecode.swift; path = FeedImageDataLoaderSpy.swift; sourceTree = "<group>"; };
		F5B766A62867044F009DE53C /* XCTestCase+FeedImageDataLoader.swift */ = {isa = PBXFileReference; lastKnownFileType = sourcecode.swift; path = "XCTestCase+FeedImageDataLoader.swift"; sourceTree = "<group>"; };
		F5B766AA286708ED009DE53C /* FeedImageDataLoaderCacheDecorator.swift */ = {isa = PBXFileReference; lastKnownFileType = sourcecode.swift; path = FeedImageDataLoaderCacheDecorator.swift; sourceTree = "<group>"; };
		F5B766AC28670A22009DE53C /* docorator01.png */ = {isa = PBXFileReference; lastKnownFileType = image.png; path = docorator01.png; sourceTree = "<group>"; };
		F5B766AD28670A22009DE53C /* modularity.png */ = {isa = PBXFileReference; lastKnownFileType = image.png; path = modularity.png; sourceTree = "<group>"; };
		F5B766B428672BEC009DE53C /* EssentialAppUIAcceptanceTests.xctest */ = {isa = PBXFileReference; explicitFileType = wrapper.cfbundle; includeInIndex = 0; path = EssentialAppUIAcceptanceTests.xctest; sourceTree = BUILT_PRODUCTS_DIR; };
		F5B766B628672BEC009DE53C /* EssentialAppUIAcceptanceTests.swift */ = {isa = PBXFileReference; lastKnownFileType = sourcecode.swift; path = EssentialAppUIAcceptanceTests.swift; sourceTree = "<group>"; };
		F5B766B828672BEC009DE53C /* EssentialAppUIAcceptanceTestsLaunchTests.swift */ = {isa = PBXFileReference; lastKnownFileType = sourcecode.swift; path = EssentialAppUIAcceptanceTestsLaunchTests.swift; sourceTree = "<group>"; };
		F5B766C02867451E009DE53C /* Main_module_lecture_04.md */ = {isa = PBXFileReference; lastKnownFileType = net.daringfireball.markdown; path = Main_module_lecture_04.md; sourceTree = "<group>"; };
		F5B766C22867461F009DE53C /* DebuggingSceneDelegate.swift */ = {isa = PBXFileReference; lastKnownFileType = sourcecode.swift; path = DebuggingSceneDelegate.swift; sourceTree = "<group>"; };
		F5D87C3D2864D386005804C0 /* Lecture_02.md */ = {isa = PBXFileReference; lastKnownFileType = net.daringfireball.markdown; path = Lecture_02.md; sourceTree = "<group>"; };
		F5D87C432864D444005804C0 /* EssentialAppTests.xctest */ = {isa = PBXFileReference; explicitFileType = wrapper.cfbundle; includeInIndex = 0; path = EssentialAppTests.xctest; sourceTree = BUILT_PRODUCTS_DIR; };
		F5D87C4C2864D4E4005804C0 /* RemoteWithLocalFallbackFeedloaderTests.swift */ = {isa = PBXFileReference; lastKnownFileType = sourcecode.swift; path = RemoteWithLocalFallbackFeedloaderTests.swift; sourceTree = "<group>"; };
		F5DBA6FF28648D7400E009FB /* EssentialApp.app */ = {isa = PBXFileReference; explicitFileType = wrapper.application; includeInIndex = 0; path = EssentialApp.app; sourceTree = BUILT_PRODUCTS_DIR; };
		F5DBA70228648D7400E009FB /* AppDelegate.swift */ = {isa = PBXFileReference; lastKnownFileType = sourcecode.swift; path = AppDelegate.swift; sourceTree = "<group>"; };
		F5DBA70428648D7400E009FB /* SceneDelegate.swift */ = {isa = PBXFileReference; lastKnownFileType = sourcecode.swift; path = SceneDelegate.swift; sourceTree = "<group>"; };
		F5DBA70628648D7400E009FB /* ViewController.swift */ = {isa = PBXFileReference; lastKnownFileType = sourcecode.swift; path = ViewController.swift; sourceTree = "<group>"; };
		F5DBA70928648D7400E009FB /* Base */ = {isa = PBXFileReference; lastKnownFileType = file.storyboard; name = Base; path = Base.lproj/Main.storyboard; sourceTree = "<group>"; };
		F5DBA70B28648D7600E009FB /* Assets.xcassets */ = {isa = PBXFileReference; lastKnownFileType = folder.assetcatalog; path = Assets.xcassets; sourceTree = "<group>"; };
		F5DBA70E28648D7600E009FB /* Base */ = {isa = PBXFileReference; lastKnownFileType = file.storyboard; name = Base; path = Base.lproj/LaunchScreen.storyboard; sourceTree = "<group>"; };
		F5DBA71028648D7600E009FB /* Info.plist */ = {isa = PBXFileReference; lastKnownFileType = text.plist.xml; path = Info.plist; sourceTree = "<group>"; };
		F5DBE2AB2867FCC200917F64 /* LECTURE_4-2.png */ = {isa = PBXFileReference; lastKnownFileType = image.png; path = "LECTURE_4-2.png"; sourceTree = "<group>"; };
		F5DBE2AC2867FCC200917F64 /* LECTURE_4-3.png */ = {isa = PBXFileReference; lastKnownFileType = image.png; path = "LECTURE_4-3.png"; sourceTree = "<group>"; };
		F5DBE2AD2867FCC200917F64 /* LECTURE_4-4.png */ = {isa = PBXFileReference; lastKnownFileType = image.png; path = "LECTURE_4-4.png"; sourceTree = "<group>"; };
		F5DBE2AE2867FCC200917F64 /* LECTURE_4-1.png */ = {isa = PBXFileReference; lastKnownFileType = image.png; path = "LECTURE_4-1.png"; sourceTree = "<group>"; };
		F5DBE2AF2867FCC200917F64 /* LECTURE_4-5.png */ = {isa = PBXFileReference; lastKnownFileType = image.png; path = "LECTURE_4-5.png"; sourceTree = "<group>"; };
		F5DBE2B52867FDC900917F64 /* LECTURE_4-6.png */ = {isa = PBXFileReference; lastKnownFileType = image.png; path = "LECTURE_4-6.png"; sourceTree = "<group>"; };
		F5DBE2B62867FDC900917F64 /* LECTURE_4-7.png */ = {isa = PBXFileReference; lastKnownFileType = image.png; path = "LECTURE_4-7.png"; sourceTree = "<group>"; };
		F5DBE2B72867FDCA00917F64 /* LECTURE_4-8.png */ = {isa = PBXFileReference; lastKnownFileType = image.png; path = "LECTURE_4-8.png"; sourceTree = "<group>"; };
		F5DBE2BC28681EFE00917F64 /* Main_module_05.md */ = {isa = PBXFileReference; lastKnownFileType = net.daringfireball.markdown; path = Main_module_05.md; sourceTree = "<group>"; };
		F5DBE2BE2868224800917F64 /* SceneDelegateTests.swift */ = {isa = PBXFileReference; lastKnownFileType = sourcecode.swift; path = SceneDelegateTests.swift; sourceTree = "<group>"; };
		F5DBE2C0286828EF00917F64 /* MainQueueDispatchDecorator.swift */ = {isa = PBXFileReference; fileEncoding = 4; lastKnownFileType = sourcecode.swift; path = MainQueueDispatchDecorator.swift; sourceTree = "<group>"; };
		F5DBE2C1286828EF00917F64 /* FeedUIComposer.swift */ = {isa = PBXFileReference; fileEncoding = 4; lastKnownFileType = sourcecode.swift; path = FeedUIComposer.swift; sourceTree = "<group>"; };
		F5DBE2D728682A9300917F64 /* WeakRefVirtualProxy.swift */ = {isa = PBXFileReference; lastKnownFileType = sourcecode.swift; path = WeakRefVirtualProxy.swift; sourceTree = "<group>"; };
		F5DBE2D92868304900917F64 /* FeedAcceptanceTests.swift */ = {isa = PBXFileReference; lastKnownFileType = sourcecode.swift; path = FeedAcceptanceTests.swift; sourceTree = "<group>"; };
		F5DBE2DD2868369500917F64 /* FeedViewController+TestHelpers.swift */ = {isa = PBXFileReference; fileEncoding = 4; lastKnownFileType = sourcecode.swift; path = "FeedViewController+TestHelpers.swift"; sourceTree = "<group>"; };
		F5DBE2E02868379F00917F64 /* UIButton+TestHelper.swift */ = {isa = PBXFileReference; lastKnownFileType = sourcecode.swift; name = "UIButton+TestHelper.swift"; path = "../../../EssentialFeedUpdated/EssentialFeediOSTests/FeedUI/UIButton+TestHelper.swift"; sourceTree = "<group>"; };
		F5DBE2E12868379F00917F64 /* UIRefreshControl+TestHelper.swift */ = {isa = PBXFileReference; lastKnownFileType = sourcecode.swift; name = "UIRefreshControl+TestHelper.swift"; path = "../../../EssentialFeedUpdated/EssentialFeediOSTests/FeedUI/UIRefreshControl+TestHelper.swift"; sourceTree = "<group>"; };
		F5DBE2E22868379F00917F64 /* UIImage+TestHelper.swift */ = {isa = PBXFileReference; lastKnownFileType = sourcecode.swift; name = "UIImage+TestHelper.swift"; path = "../../../EssentialFeedUpdated/EssentialFeediOSTests/FeedUI/UIImage+TestHelper.swift"; sourceTree = "<group>"; };
/* End PBXFileReference section */

/* Begin PBXFrameworksBuildPhase section */
		F5B766B128672BEC009DE53C /* Frameworks */ = {
			isa = PBXFrameworksBuildPhase;
			buildActionMask = 2147483647;
			files = (
			);
			runOnlyForDeploymentPostprocessing = 0;
		};
		F5D87C402864D444005804C0 /* Frameworks */ = {
			isa = PBXFrameworksBuildPhase;
			buildActionMask = 2147483647;
			files = (
			);
			runOnlyForDeploymentPostprocessing = 0;
		};
		F5DBA6FC28648D7400E009FB /* Frameworks */ = {
			isa = PBXFrameworksBuildPhase;
			buildActionMask = 2147483647;
			files = (
				F5854448286491B700AD9266 /* EssentialFeed.framework in Frameworks */,
				F585444A286491B700AD9266 /* EssentialFeediOS.framework in Frameworks */,
			);
			runOnlyForDeploymentPostprocessing = 0;
		};
/* End PBXFrameworksBuildPhase section */

/* Begin PBXGroup section */
		F5854445286491B700AD9266 /* Frameworks */ = {
			isa = PBXGroup;
			children = (
				F5854446286491B700AD9266 /* EssentialFeed.framework */,
				F5854447286491B700AD9266 /* EssentialFeediOS.framework */,
			);
			name = Frameworks;
			sourceTree = "<group>";
		};
		F585444D286497BB00AD9266 /* Main Module_Reference_ material */ = {
			isa = PBXGroup;
			children = (
				F585AA9E2869EBE100D72243 /* Lecture_08 */,
				F585AA972869C4B700D72243 /* Lecture_07 */,
				F585AA802869527600D72243 /* Lecture_06 */,
				F5DBE2BB28681EEC00917F64 /* Lecture_05 */,
				F5B766BF28674508009DE53C /* Lecture_04 */,
				F585577F2865B0C3001E3476 /* Lecture_03 */,
				F585445628649BED00AD9266 /* Lecture_01 */,
				F5D87C3C2864D1F7005804C0 /* Lecture _02 */,
			);
			path = "Main Module_Reference_ material";
			sourceTree = "<group>";
		};
		F585445628649BED00AD9266 /* Lecture_01 */ = {
			isa = PBXGroup;
			children = (
				F585445428649BC400AD9266 /* Main_module_01.md */,
				F585445828649C3700AD9266 /* Architecture.png */,
				F585445A28649C3700AD9266 /* External_storage.png */,
				F585445928649C3700AD9266 /* ISP.png */,
				F585445728649C3600AD9266 /* Separate_models.png */,
			);
			path = Lecture_01;
			sourceTree = "<group>";
		};
		F5855769286567F3001E3476 /* Helpers */ = {
			isa = PBXGroup;
			children = (
				F585576B28656826001E3476 /* XCTestCase+MemoryLeakTracking.swift */,
				F585576D286568A5001E3476 /* SharedTestHelpers.swift */,
				F58557842865BA05001E3476 /* FeedLoaderStub.swift */,
				F58557862865BB88001E3476 /* XCTestCase+FeedLoader.swift */,
				F5B766A62867044F009DE53C /* XCTestCase+FeedImageDataLoader.swift */,
				F5B766A42867035E009DE53C /* FeedImageDataLoaderSpy.swift */,
				F5DBE2DD2868369500917F64 /* FeedViewController+TestHelpers.swift */,
				F5DBE2E02868379F00917F64 /* UIButton+TestHelper.swift */,
				F5DBE2E12868379F00917F64 /* UIRefreshControl+TestHelper.swift */,
				F5DBE2E22868379F00917F64 /* UIImage+TestHelper.swift */,
			);
			path = Helpers;
			sourceTree = "<group>";
		};
		F585577F2865B0C3001E3476 /* Lecture_03 */ = {
			isa = PBXGroup;
			children = (
				F5B766AC28670A22009DE53C /* docorator01.png */,
				F5B766AD28670A22009DE53C /* modularity.png */,
				F5B766952866F609009DE53C /* 1.png */,
				F5B766932866F609009DE53C /* 2.png */,
				F5B766972866F60A009DE53C /* 3.png */,
				F5B766942866F609009DE53C /* 4.png */,
				F5B766962866F60A009DE53C /* 5.png */,
				F5B766922866F609009DE53C /* 6.png */,
				F5B7669E2866F747009DE53C /* decorator.png */,
				F5B7669F2866F747009DE53C /* Intercption.png */,
				F58557802865B0D6001E3476 /* Main_module_03.md */,
			);
			path = Lecture_03;
			sourceTree = "<group>";
		};
		F585AA802869527600D72243 /* Lecture_06 */ = {
			isa = PBXGroup;
			children = (
				F585AA952869C49700D72243 /* Screenshot 2022-06-27 at 4.25.43 PM.png */,
				F585AA83286952A900D72243 /* Main_Module_Lecture_06.md */,
			);
			path = Lecture_06;
			sourceTree = "<group>";
		};
		F585AA972869C4B700D72243 /* Lecture_07 */ = {
			isa = PBXGroup;
			children = (
				F585AA982869C4CC00D72243 /* Main_module_lecture_07.md */,
				F585AA9C2869D19900D72243 /* 1.png */,
			);
			path = Lecture_07;
			sourceTree = "<group>";
		};
		F585AA9E2869EBE100D72243 /* Lecture_08 */ = {
			isa = PBXGroup;
			children = (
				F585AAA22869EE1700D72243 /* Feature_vertical.png */,
				F585AAA52869EE1700D72243 /* Horizontal slicing_2.png */,
				F585AAA12869EE1700D72243 /* Horizontal slicing_3.png */,
				F585AAA42869EE1700D72243 /* MOnolith.png */,
				F585AAA32869EE1700D72243 /* Screenshot 2022-06-27 at 7.21.46 PM.png */,
				F585AAB22869F08100D72243 /* horizontal_Feature-vertical_2.png */,
				F585AAAF2869F08000D72243 /* horizontal_Feature-vertical.png */,
				F585AAB42869F08100D72243 /* horizontal_sliceing_1.png */,
				F585AAAE2869F08000D72243 /* horizontal_sliceing.png */,
				F585AAAC2869F08000D72243 /* packages.png */,
				F585AAB02869F08100D72243 /* Project_org_1.png */,
				F585AAB12869F08100D72243 /* Project_org_2.png */,
				F585AAB32869F08100D72243 /* Project_org_3.png */,
				F585AAAB2869F08000D72243 /* Project_org_4.png */,
				F585AAAD2869F08000D72243 /* suggestion.png */,
				F585AA9F2869EC0A00D72243 /* Main_module_lecture_08.md */,
			);
			path = Lecture_08;
			sourceTree = "<group>";
		};
		F5B766B528672BEC009DE53C /* EssentialAppUIAcceptanceTests */ = {
			isa = PBXGroup;
			children = (
				F5DBE2C42868294F00917F64 /* Helper */,
				F5B766B628672BEC009DE53C /* EssentialAppUIAcceptanceTests.swift */,
				F5B766B828672BEC009DE53C /* EssentialAppUIAcceptanceTestsLaunchTests.swift */,
			);
			path = EssentialAppUIAcceptanceTests;
			sourceTree = "<group>";
		};
		F5B766BF28674508009DE53C /* Lecture_04 */ = {
			isa = PBXGroup;
			children = (
				F5DBE2AE2867FCC200917F64 /* LECTURE_4-1.png */,
				F5DBE2AB2867FCC200917F64 /* LECTURE_4-2.png */,
				F5DBE2AC2867FCC200917F64 /* LECTURE_4-3.png */,
				F5DBE2AD2867FCC200917F64 /* LECTURE_4-4.png */,
				F5DBE2AF2867FCC200917F64 /* LECTURE_4-5.png */,
				F5DBE2B52867FDC900917F64 /* LECTURE_4-6.png */,
				F5DBE2B62867FDC900917F64 /* LECTURE_4-7.png */,
				F5DBE2B72867FDCA00917F64 /* LECTURE_4-8.png */,
				F5B766C02867451E009DE53C /* Main_module_lecture_04.md */,
			);
			path = Lecture_04;
			sourceTree = "<group>";
		};
		F5D87C3C2864D1F7005804C0 /* Lecture _02 */ = {
			isa = PBXGroup;
			children = (
				F585577028656D75001E3476 /* 1.png */,
				F585576F28656D75001E3476 /* 2.png */,
				F585577328656E69001E3476 /* concrete types.png */,
				F585577528656E9F001E3476 /* abstractTypes.png */,
				F585577728656EC9001E3476 /* customProtocol.png */,
				F585577928656F33001E3476 /* compositeWithRemoteLocal.png */,
				F585577B28656F90001E3476 /* CompositeDesignPattern.png */,
				F585577D28656FD5001E3476 /* relatedPattern.png */,
				F5D87C3D2864D386005804C0 /* Lecture_02.md */,
			);
			path = "Lecture _02";
			sourceTree = "<group>";
		};
		F5D87C442864D444005804C0 /* EssentialAppTests */ = {
			isa = PBXGroup;
			children = (
				F5855769286567F3001E3476 /* Helpers */,
				F5DBE2BE2868224800917F64 /* SceneDelegateTests.swift */,
				F5D87C4C2864D4E4005804C0 /* RemoteWithLocalFallbackFeedloaderTests.swift */,
				F58557652865582F001E3476 /* FeedImageDataLoaderWithFallbackCompositeTests.swift */,
				F58557822865B2D6001E3476 /* FeedLoaderCacheDecoratorTests.swift */,
				F5B766A22866F80D009DE53C /* FeedImageDataLoaderCacheDecoratorTests.swift */,
				F5DBE2D92868304900917F64 /* FeedAcceptanceTests.swift */,
			);
			path = EssentialAppTests;
			sourceTree = "<group>";
		};
		F5DBA6F628648D7400E009FB = {
			isa = PBXGroup;
			children = (
				F585444D286497BB00AD9266 /* Main Module_Reference_ material */,
				F5DBA70128648D7400E009FB /* EssentialApp */,
				F5D87C442864D444005804C0 /* EssentialAppTests */,
				F5B766B528672BEC009DE53C /* EssentialAppUIAcceptanceTests */,
				F5DBA70028648D7400E009FB /* Products */,
				F5854445286491B700AD9266 /* Frameworks */,
			);
			sourceTree = "<group>";
		};
		F5DBA70028648D7400E009FB /* Products */ = {
			isa = PBXGroup;
			children = (
				F5DBA6FF28648D7400E009FB /* EssentialApp.app */,
				F5D87C432864D444005804C0 /* EssentialAppTests.xctest */,
				F5B766B428672BEC009DE53C /* EssentialAppUIAcceptanceTests.xctest */,
			);
			name = Products;
			sourceTree = "<group>";
		};
		F5DBA70128648D7400E009FB /* EssentialApp */ = {
			isa = PBXGroup;
			children = (
				F5DBA70228648D7400E009FB /* AppDelegate.swift */,
				F5DBA70428648D7400E009FB /* SceneDelegate.swift */,
				F5DBE2C1286828EF00917F64 /* FeedUIComposer.swift */,
				F5DBE2D728682A9300917F64 /* WeakRefVirtualProxy.swift */,
				F5DBE2C0286828EF00917F64 /* MainQueueDispatchDecorator.swift */,
				F5B766C22867461F009DE53C /* DebuggingSceneDelegate.swift */,
				F5DBA70628648D7400E009FB /* ViewController.swift */,
				F5855763286556F1001E3476 /* FeedLoaderWithFallbackComposite.swift */,
				F5855767286567B7001E3476 /* FeedImageDataLoaderWithFallbackComposite.swift */,
				F585578A2865D006001E3476 /* FeedLoaderCacheDecorator.swift */,
				F5B766AA286708ED009DE53C /* FeedImageDataLoaderCacheDecorator.swift */,
				F5DBA70828648D7400E009FB /* Main.storyboard */,
				F5DBA70B28648D7600E009FB /* Assets.xcassets */,
				F5DBA70D28648D7600E009FB /* LaunchScreen.storyboard */,
				F5DBA71028648D7600E009FB /* Info.plist */,
			);
			path = EssentialApp;
			sourceTree = "<group>";
		};
		F5DBE2BB28681EEC00917F64 /* Lecture_05 */ = {
			isa = PBXGroup;
			children = (
				F5DBE2BC28681EFE00917F64 /* Main_module_05.md */,
				F59B7FB328686B6C00E6C45F /* lecture_5_1.png */,
				F59B7FB228686B6C00E6C45F /* lecture_5_2.png */,
				F59B7FB128686B6C00E6C45F /* lecture_5_3.png */,
				F59B7FB528686B6C00E6C45F /* lecture_5_4.png */,
				F59B7FB428686B6C00E6C45F /* lecture_5_5.png */,
				F59B7FB028686B6C00E6C45F /* lecture_5_6.png */,
			);
			path = Lecture_05;
			sourceTree = "<group>";
		};
		F5DBE2C42868294F00917F64 /* Helper */ = {
			isa = PBXGroup;
			children = (
			);
			name = Helper;
			path = ../../EssentialFeedUpdated/EssentialFeediOSTests/FeedUI/Helper;
			sourceTree = "<group>";
		};
/* End PBXGroup section */

/* Begin PBXNativeTarget section */
		F5B766B328672BEC009DE53C /* EssentialAppUIAcceptanceTests */ = {
			isa = PBXNativeTarget;
			buildConfigurationList = F5B766BC28672BEC009DE53C /* Build configuration list for PBXNativeTarget "EssentialAppUIAcceptanceTests" */;
			buildPhases = (
				F5B766B028672BEC009DE53C /* Sources */,
				F5B766B128672BEC009DE53C /* Frameworks */,
				F5B766B228672BEC009DE53C /* Resources */,
			);
			buildRules = (
			);
			dependencies = (
				F5B766BB28672BEC009DE53C /* PBXTargetDependency */,
			);
			name = EssentialAppUIAcceptanceTests;
			productName = EssentialAppUIAcceptanceTests;
			productReference = F5B766B428672BEC009DE53C /* EssentialAppUIAcceptanceTests.xctest */;
			productType = "com.apple.product-type.bundle.ui-testing";
		};
		F5D87C422864D444005804C0 /* EssentialAppTests */ = {
			isa = PBXNativeTarget;
			buildConfigurationList = F5D87C492864D444005804C0 /* Build configuration list for PBXNativeTarget "EssentialAppTests" */;
			buildPhases = (
				F5D87C3F2864D444005804C0 /* Sources */,
				F5D87C402864D444005804C0 /* Frameworks */,
				F5D87C412864D444005804C0 /* Resources */,
			);
			buildRules = (
			);
			dependencies = (
				F5D87C482864D444005804C0 /* PBXTargetDependency */,
			);
			name = EssentialAppTests;
			productName = EssentialAppTests;
			productReference = F5D87C432864D444005804C0 /* EssentialAppTests.xctest */;
			productType = "com.apple.product-type.bundle.unit-test";
		};
		F5DBA6FE28648D7400E009FB /* EssentialApp */ = {
			isa = PBXNativeTarget;
			buildConfigurationList = F5DBA71328648D7600E009FB /* Build configuration list for PBXNativeTarget "EssentialApp" */;
			buildPhases = (
				F5DBA6FB28648D7400E009FB /* Sources */,
				F5DBA6FC28648D7400E009FB /* Frameworks */,
				F5DBA6FD28648D7400E009FB /* Resources */,
				F585444C286491B700AD9266 /* Embed Frameworks */,
			);
			buildRules = (
			);
			dependencies = (
			);
			name = EssentialApp;
			productName = EssentialApp;
			productReference = F5DBA6FF28648D7400E009FB /* EssentialApp.app */;
			productType = "com.apple.product-type.application";
		};
/* End PBXNativeTarget section */

/* Begin PBXProject section */
		F5DBA6F728648D7400E009FB /* Project object */ = {
			isa = PBXProject;
			attributes = {
				BuildIndependentTargetsInParallel = 1;
				LastSwiftUpdateCheck = 1330;
				LastUpgradeCheck = 1330;
				TargetAttributes = {
					F5B766B328672BEC009DE53C = {
						CreatedOnToolsVersion = 13.3;
						TestTargetID = F5DBA6FE28648D7400E009FB;
					};
					F5D87C422864D444005804C0 = {
						CreatedOnToolsVersion = 13.3;
						TestTargetID = F5DBA6FE28648D7400E009FB;
					};
					F5DBA6FE28648D7400E009FB = {
						CreatedOnToolsVersion = 13.3;
					};
				};
			};
			buildConfigurationList = F5DBA6FA28648D7400E009FB /* Build configuration list for PBXProject "EssentialApp" */;
			compatibilityVersion = "Xcode 13.0";
			developmentRegion = en;
			hasScannedForEncodings = 0;
			knownRegions = (
				en,
				Base,
			);
			mainGroup = F5DBA6F628648D7400E009FB;
			productRefGroup = F5DBA70028648D7400E009FB /* Products */;
			projectDirPath = "";
			projectRoot = "";
			targets = (
				F5DBA6FE28648D7400E009FB /* EssentialApp */,
				F5D87C422864D444005804C0 /* EssentialAppTests */,
				F5B766B328672BEC009DE53C /* EssentialAppUIAcceptanceTests */,
			);
		};
/* End PBXProject section */

/* Begin PBXResourcesBuildPhase section */
		F5B766B228672BEC009DE53C /* Resources */ = {
			isa = PBXResourcesBuildPhase;
			buildActionMask = 2147483647;
			files = (
			);
			runOnlyForDeploymentPostprocessing = 0;
		};
		F5D87C412864D444005804C0 /* Resources */ = {
			isa = PBXResourcesBuildPhase;
			buildActionMask = 2147483647;
			files = (
				F585577128656D75001E3476 /* 2.png in Resources */,
				F585577628656E9F001E3476 /* abstractTypes.png in Resources */,
				F585577428656E69001E3476 /* concrete types.png in Resources */,
				F585577C28656F90001E3476 /* CompositeDesignPattern.png in Resources */,
				F585577E28656FD5001E3476 /* relatedPattern.png in Resources */,
				F585577828656EC9001E3476 /* customProtocol.png in Resources */,
				F585577228656D75001E3476 /* 1.png in Resources */,
				F585577A28656F33001E3476 /* compositeWithRemoteLocal.png in Resources */,
			);
			runOnlyForDeploymentPostprocessing = 0;
		};
		F5DBA6FD28648D7400E009FB /* Resources */ = {
			isa = PBXResourcesBuildPhase;
			buildActionMask = 2147483647;
			files = (
				F5B766982866F60A009DE53C /* 6.png in Resources */,
				F59B7FBA28686B6C00E6C45F /* lecture_5_5.png in Resources */,
				F5DBA70F28648D7600E009FB /* LaunchScreen.storyboard in Resources */,
				F5DBE2BD28681EFE00917F64 /* Main_module_05.md in Resources */,
				F585AA992869C4CC00D72243 /* Main_module_lecture_07.md in Resources */,
				F5DBA70C28648D7600E009FB /* Assets.xcassets in Resources */,
				F5DBE2B92867FDCA00917F64 /* LECTURE_4-7.png in Resources */,
				F5DBE2B82867FDCA00917F64 /* LECTURE_4-6.png in Resources */,
				F585AA962869C49700D72243 /* Screenshot 2022-06-27 at 4.25.43 PM.png in Resources */,
				F585AAA82869EE1700D72243 /* Screenshot 2022-06-27 at 7.21.46 PM.png in Resources */,
				F585AA9D2869D19900D72243 /* 1.png in Resources */,
				F585AAB72869F08100D72243 /* suggestion.png in Resources */,
				F5B766A12866F747009DE53C /* Intercption.png in Resources */,
				F5B7669A2866F60A009DE53C /* 4.png in Resources */,
				F5DBE2B32867FCC300917F64 /* LECTURE_4-1.png in Resources */,
				F585AAB62869F08100D72243 /* packages.png in Resources */,
				F585445C28649C3700AD9266 /* Architecture.png in Resources */,
				F585AABD2869F08100D72243 /* Project_org_3.png in Resources */,
				F5B766A02866F747009DE53C /* decorator.png in Resources */,
				F5DBE2B12867FCC300917F64 /* LECTURE_4-3.png in Resources */,
				F585AAAA2869EE1700D72243 /* Horizontal slicing_2.png in Resources */,
				F59B7FBB28686B6C00E6C45F /* lecture_5_4.png in Resources */,
				F5DBE2B42867FCC300917F64 /* LECTURE_4-5.png in Resources */,
				F5D87C3E2864D386005804C0 /* Lecture_02.md in Resources */,
				F5B7669C2866F60A009DE53C /* 5.png in Resources */,
				F585AAA62869EE1700D72243 /* Horizontal slicing_3.png in Resources */,
				F58557812865B0D6001E3476 /* Main_module_03.md in Resources */,
				F585AAA92869EE1700D72243 /* MOnolith.png in Resources */,
				F5B766C12867451E009DE53C /* Main_module_lecture_04.md in Resources */,
				F5B766992866F60A009DE53C /* 2.png in Resources */,
				F585445528649BC400AD9266 /* Main_module_01.md in Resources */,
				F5DBA70A28648D7400E009FB /* Main.storyboard in Resources */,
				F585AAA72869EE1700D72243 /* Feature_vertical.png in Resources */,
				F5DBE2B02867FCC300917F64 /* LECTURE_4-2.png in Resources */,
				F5B766AE28670A22009DE53C /* docorator01.png in Resources */,
				F585AABA2869F08100D72243 /* Project_org_1.png in Resources */,
				F5B7669D2866F60A009DE53C /* 3.png in Resources */,
				F5DBE2B22867FCC300917F64 /* LECTURE_4-4.png in Resources */,
				F59B7FB628686B6C00E6C45F /* lecture_5_6.png in Resources */,
				F5B766AF28670A22009DE53C /* modularity.png in Resources */,
				F585445D28649C3700AD9266 /* ISP.png in Resources */,
				F585AAB82869F08100D72243 /* horizontal_sliceing.png in Resources */,
				F585AAA02869EC0A00D72243 /* Main_module_lecture_08.md in Resources */,
				F585AABE2869F08100D72243 /* horizontal_sliceing_1.png in Resources */,
				F585AAB92869F08100D72243 /* horizontal_Feature-vertical.png in Resources */,
				F585445E28649C3700AD9266 /* External_storage.png in Resources */,
				F585AA84286952A900D72243 /* Main_Module_Lecture_06.md in Resources */,
				F585AABC2869F08100D72243 /* horizontal_Feature-vertical_2.png in Resources */,
				F59B7FB928686B6C00E6C45F /* lecture_5_1.png in Resources */,
				F585AABB2869F08100D72243 /* Project_org_2.png in Resources */,
				F59B7FB728686B6C00E6C45F /* lecture_5_3.png in Resources */,
				F585AAB52869F08100D72243 /* Project_org_4.png in Resources */,
				F585445B28649C3700AD9266 /* Separate_models.png in Resources */,
				F5DBE2BA2867FDCA00917F64 /* LECTURE_4-8.png in Resources */,
				F59B7FB828686B6C00E6C45F /* lecture_5_2.png in Resources */,
				F5B7669B2866F60A009DE53C /* 1.png in Resources */,
			);
			runOnlyForDeploymentPostprocessing = 0;
		};
/* End PBXResourcesBuildPhase section */

/* Begin PBXSourcesBuildPhase section */
		F5B766B028672BEC009DE53C /* Sources */ = {
			isa = PBXSourcesBuildPhase;
			buildActionMask = 2147483647;
			files = (
				F5B766B928672BEC009DE53C /* EssentialAppUIAcceptanceTestsLaunchTests.swift in Sources */,
				F5B766B728672BEC009DE53C /* EssentialAppUIAcceptanceTests.swift in Sources */,
			);
			runOnlyForDeploymentPostprocessing = 0;
		};
		F5D87C3F2864D444005804C0 /* Sources */ = {
			isa = PBXSourcesBuildPhase;
			buildActionMask = 2147483647;
			files = (
				F5D87C4D2864D4E4005804C0 /* RemoteWithLocalFallbackFeedloaderTests.swift in Sources */,
				F5DBE2E32868379F00917F64 /* UIRefreshControl+TestHelper.swift in Sources */,
				F5B766A32866F80D009DE53C /* FeedImageDataLoaderCacheDecoratorTests.swift in Sources */,
				F58557872865BB88001E3476 /* XCTestCase+FeedLoader.swift in Sources */,
				F5DBE2E62868379F00917F64 /* UIButton+TestHelper.swift in Sources */,
				F5B766A72867044F009DE53C /* XCTestCase+FeedImageDataLoader.swift in Sources */,
				F5DBE2BF2868224800917F64 /* SceneDelegateTests.swift in Sources */,
				F58557832865B2D6001E3476 /* FeedLoaderCacheDecoratorTests.swift in Sources */,
				F5DBE2DA2868304900917F64 /* FeedAcceptanceTests.swift in Sources */,
				F5DBE2DE2868369500917F64 /* FeedViewController+TestHelpers.swift in Sources */,
				F5B766A52867035E009DE53C /* FeedImageDataLoaderSpy.swift in Sources */,
				F585576C28656826001E3476 /* XCTestCase+MemoryLeakTracking.swift in Sources */,
				F585576E286568A5001E3476 /* SharedTestHelpers.swift in Sources */,
				F58557852865BA05001E3476 /* FeedLoaderStub.swift in Sources */,
				F58557662865582F001E3476 /* FeedImageDataLoaderWithFallbackCompositeTests.swift in Sources */,
				F5DBE2E52868379F00917F64 /* UIImage+TestHelper.swift in Sources */,
			);
			runOnlyForDeploymentPostprocessing = 0;
		};
		F5DBA6FB28648D7400E009FB /* Sources */ = {
			isa = PBXSourcesBuildPhase;
			buildActionMask = 2147483647;
			files = (
				F5DBE2D828682A9300917F64 /* WeakRefVirtualProxy.swift in Sources */,
				F5DBA70728648D7400E009FB /* ViewController.swift in Sources */,
				F5DBE2C2286828EF00917F64 /* MainQueueDispatchDecorator.swift in Sources */,
				F5DBA70328648D7400E009FB /* AppDelegate.swift in Sources */,
				F5855764286556F1001E3476 /* FeedLoaderWithFallbackComposite.swift in Sources */,
				F585578B2865D006001E3476 /* FeedLoaderCacheDecorator.swift in Sources */,
				F5B766C32867461F009DE53C /* DebuggingSceneDelegate.swift in Sources */,
				F5DBA70528648D7400E009FB /* SceneDelegate.swift in Sources */,
				F5855768286567B7001E3476 /* FeedImageDataLoaderWithFallbackComposite.swift in Sources */,
				F5B766AB286708ED009DE53C /* FeedImageDataLoaderCacheDecorator.swift in Sources */,
				F5DBE2C3286828EF00917F64 /* FeedUIComposer.swift in Sources */,
			);
			runOnlyForDeploymentPostprocessing = 0;
		};
/* End PBXSourcesBuildPhase section */

/* Begin PBXTargetDependency section */
		F5B766BB28672BEC009DE53C /* PBXTargetDependency */ = {
			isa = PBXTargetDependency;
			target = F5DBA6FE28648D7400E009FB /* EssentialApp */;
			targetProxy = F5B766BA28672BEC009DE53C /* PBXContainerItemProxy */;
		};
		F5D87C482864D444005804C0 /* PBXTargetDependency */ = {
			isa = PBXTargetDependency;
			target = F5DBA6FE28648D7400E009FB /* EssentialApp */;
			targetProxy = F5D87C472864D444005804C0 /* PBXContainerItemProxy */;
		};
/* End PBXTargetDependency section */

/* Begin PBXVariantGroup section */
		F5DBA70828648D7400E009FB /* Main.storyboard */ = {
			isa = PBXVariantGroup;
			children = (
				F5DBA70928648D7400E009FB /* Base */,
			);
			name = Main.storyboard;
			sourceTree = "<group>";
		};
		F5DBA70D28648D7600E009FB /* LaunchScreen.storyboard */ = {
			isa = PBXVariantGroup;
			children = (
				F5DBA70E28648D7600E009FB /* Base */,
			);
			name = LaunchScreen.storyboard;
			sourceTree = "<group>";
		};
/* End PBXVariantGroup section */

/* Begin XCBuildConfiguration section */
		F5B766BD28672BEC009DE53C /* Debug */ = {
			isa = XCBuildConfiguration;
			buildSettings = {
				CODE_SIGN_STYLE = Automatic;
				CURRENT_PROJECT_VERSION = 1;
				DEVELOPMENT_TEAM = L2WG7FZ7D7;
				GENERATE_INFOPLIST_FILE = YES;
				MARKETING_VERSION = 1.0;
				PRODUCT_BUNDLE_IDENTIFIER = Anil.EssentialAppUIAcceptanceTests;
				PRODUCT_NAME = "$(TARGET_NAME)";
				SWIFT_EMIT_LOC_STRINGS = NO;
				SWIFT_VERSION = 5.0;
				TARGETED_DEVICE_FAMILY = "1,2";
				TEST_TARGET_NAME = EssentialApp;
			};
			name = Debug;
		};
		F5B766BE28672BEC009DE53C /* Release */ = {
			isa = XCBuildConfiguration;
			buildSettings = {
				CODE_SIGN_STYLE = Automatic;
				CURRENT_PROJECT_VERSION = 1;
				DEVELOPMENT_TEAM = L2WG7FZ7D7;
				GENERATE_INFOPLIST_FILE = YES;
				MARKETING_VERSION = 1.0;
				PRODUCT_BUNDLE_IDENTIFIER = Anil.EssentialAppUIAcceptanceTests;
				PRODUCT_NAME = "$(TARGET_NAME)";
				SWIFT_EMIT_LOC_STRINGS = NO;
				SWIFT_VERSION = 5.0;
				TARGETED_DEVICE_FAMILY = "1,2";
				TEST_TARGET_NAME = EssentialApp;
			};
			name = Release;
		};
		F5D87C4A2864D444005804C0 /* Debug */ = {
			isa = XCBuildConfiguration;
			buildSettings = {
				BUNDLE_LOADER = "$(TEST_HOST)";
				CODE_SIGN_STYLE = Automatic;
				CURRENT_PROJECT_VERSION = 1;
				DEVELOPMENT_TEAM = L2WG7FZ7D7;
				GENERATE_INFOPLIST_FILE = YES;
				MARKETING_VERSION = 1.0;
				PRODUCT_BUNDLE_IDENTIFIER = Anil.EssentialAppTests;
				PRODUCT_NAME = "$(TARGET_NAME)";
				SWIFT_EMIT_LOC_STRINGS = NO;
				SWIFT_VERSION = 5.0;
				TARGETED_DEVICE_FAMILY = "1,2";
				TEST_HOST = "$(BUILT_PRODUCTS_DIR)/EssentialApp.app/EssentialApp";
			};
			name = Debug;
		};
		F5D87C4B2864D444005804C0 /* Release */ = {
			isa = XCBuildConfiguration;
			buildSettings = {
				BUNDLE_LOADER = "$(TEST_HOST)";
				CODE_SIGN_STYLE = Automatic;
				CURRENT_PROJECT_VERSION = 1;
				DEVELOPMENT_TEAM = L2WG7FZ7D7;
				GENERATE_INFOPLIST_FILE = YES;
				MARKETING_VERSION = 1.0;
				PRODUCT_BUNDLE_IDENTIFIER = Anil.EssentialAppTests;
				PRODUCT_NAME = "$(TARGET_NAME)";
				SWIFT_EMIT_LOC_STRINGS = NO;
				SWIFT_VERSION = 5.0;
				TARGETED_DEVICE_FAMILY = "1,2";
				TEST_HOST = "$(BUILT_PRODUCTS_DIR)/EssentialApp.app/EssentialApp";
			};
			name = Release;
		};
		F5DBA71128648D7600E009FB /* Debug */ = {
			isa = XCBuildConfiguration;
			buildSettings = {
				ALWAYS_SEARCH_USER_PATHS = NO;
				CLANG_ANALYZER_NONNULL = YES;
				CLANG_ANALYZER_NUMBER_OBJECT_CONVERSION = YES_AGGRESSIVE;
				CLANG_CXX_LANGUAGE_STANDARD = "gnu++17";
				CLANG_ENABLE_MODULES = YES;
				CLANG_ENABLE_OBJC_ARC = YES;
				CLANG_ENABLE_OBJC_WEAK = YES;
				CLANG_WARN_BLOCK_CAPTURE_AUTORELEASING = YES;
				CLANG_WARN_BOOL_CONVERSION = YES;
				CLANG_WARN_COMMA = YES;
				CLANG_WARN_CONSTANT_CONVERSION = YES;
				CLANG_WARN_DEPRECATED_OBJC_IMPLEMENTATIONS = YES;
				CLANG_WARN_DIRECT_OBJC_ISA_USAGE = YES_ERROR;
				CLANG_WARN_DOCUMENTATION_COMMENTS = YES;
				CLANG_WARN_EMPTY_BODY = YES;
				CLANG_WARN_ENUM_CONVERSION = YES;
				CLANG_WARN_INFINITE_RECURSION = YES;
				CLANG_WARN_INT_CONVERSION = YES;
				CLANG_WARN_NON_LITERAL_NULL_CONVERSION = YES;
				CLANG_WARN_OBJC_IMPLICIT_RETAIN_SELF = YES;
				CLANG_WARN_OBJC_LITERAL_CONVERSION = YES;
				CLANG_WARN_OBJC_ROOT_CLASS = YES_ERROR;
				CLANG_WARN_QUOTED_INCLUDE_IN_FRAMEWORK_HEADER = YES;
				CLANG_WARN_RANGE_LOOP_ANALYSIS = YES;
				CLANG_WARN_STRICT_PROTOTYPES = YES;
				CLANG_WARN_SUSPICIOUS_MOVE = YES;
				CLANG_WARN_UNGUARDED_AVAILABILITY = YES_AGGRESSIVE;
				CLANG_WARN_UNREACHABLE_CODE = YES;
				CLANG_WARN__DUPLICATE_METHOD_MATCH = YES;
				COPY_PHASE_STRIP = NO;
				DEBUG_INFORMATION_FORMAT = dwarf;
				ENABLE_STRICT_OBJC_MSGSEND = YES;
				ENABLE_TESTABILITY = YES;
				GCC_C_LANGUAGE_STANDARD = gnu11;
				GCC_DYNAMIC_NO_PIC = NO;
				GCC_NO_COMMON_BLOCKS = YES;
				GCC_OPTIMIZATION_LEVEL = 0;
				GCC_PREPROCESSOR_DEFINITIONS = (
					"DEBUG=1",
					"$(inherited)",
				);
				GCC_WARN_64_TO_32_BIT_CONVERSION = YES;
				GCC_WARN_ABOUT_RETURN_TYPE = YES_ERROR;
				GCC_WARN_UNDECLARED_SELECTOR = YES;
				GCC_WARN_UNINITIALIZED_AUTOS = YES_AGGRESSIVE;
				GCC_WARN_UNUSED_FUNCTION = YES;
				GCC_WARN_UNUSED_VARIABLE = YES;
				IPHONEOS_DEPLOYMENT_TARGET = 15.4;
				MTL_ENABLE_DEBUG_INFO = INCLUDE_SOURCE;
				MTL_FAST_MATH = YES;
				ONLY_ACTIVE_ARCH = YES;
				SDKROOT = iphoneos;
				SWIFT_ACTIVE_COMPILATION_CONDITIONS = DEBUG;
				SWIFT_OPTIMIZATION_LEVEL = "-Onone";
			};
			name = Debug;
		};
		F5DBA71228648D7600E009FB /* Release */ = {
			isa = XCBuildConfiguration;
			buildSettings = {
				ALWAYS_SEARCH_USER_PATHS = NO;
				CLANG_ANALYZER_NONNULL = YES;
				CLANG_ANALYZER_NUMBER_OBJECT_CONVERSION = YES_AGGRESSIVE;
				CLANG_CXX_LANGUAGE_STANDARD = "gnu++17";
				CLANG_ENABLE_MODULES = YES;
				CLANG_ENABLE_OBJC_ARC = YES;
				CLANG_ENABLE_OBJC_WEAK = YES;
				CLANG_WARN_BLOCK_CAPTURE_AUTORELEASING = YES;
				CLANG_WARN_BOOL_CONVERSION = YES;
				CLANG_WARN_COMMA = YES;
				CLANG_WARN_CONSTANT_CONVERSION = YES;
				CLANG_WARN_DEPRECATED_OBJC_IMPLEMENTATIONS = YES;
				CLANG_WARN_DIRECT_OBJC_ISA_USAGE = YES_ERROR;
				CLANG_WARN_DOCUMENTATION_COMMENTS = YES;
				CLANG_WARN_EMPTY_BODY = YES;
				CLANG_WARN_ENUM_CONVERSION = YES;
				CLANG_WARN_INFINITE_RECURSION = YES;
				CLANG_WARN_INT_CONVERSION = YES;
				CLANG_WARN_NON_LITERAL_NULL_CONVERSION = YES;
				CLANG_WARN_OBJC_IMPLICIT_RETAIN_SELF = YES;
				CLANG_WARN_OBJC_LITERAL_CONVERSION = YES;
				CLANG_WARN_OBJC_ROOT_CLASS = YES_ERROR;
				CLANG_WARN_QUOTED_INCLUDE_IN_FRAMEWORK_HEADER = YES;
				CLANG_WARN_RANGE_LOOP_ANALYSIS = YES;
				CLANG_WARN_STRICT_PROTOTYPES = YES;
				CLANG_WARN_SUSPICIOUS_MOVE = YES;
				CLANG_WARN_UNGUARDED_AVAILABILITY = YES_AGGRESSIVE;
				CLANG_WARN_UNREACHABLE_CODE = YES;
				CLANG_WARN__DUPLICATE_METHOD_MATCH = YES;
				COPY_PHASE_STRIP = NO;
				DEBUG_INFORMATION_FORMAT = "dwarf-with-dsym";
				ENABLE_NS_ASSERTIONS = NO;
				ENABLE_STRICT_OBJC_MSGSEND = YES;
				GCC_C_LANGUAGE_STANDARD = gnu11;
				GCC_NO_COMMON_BLOCKS = YES;
				GCC_WARN_64_TO_32_BIT_CONVERSION = YES;
				GCC_WARN_ABOUT_RETURN_TYPE = YES_ERROR;
				GCC_WARN_UNDECLARED_SELECTOR = YES;
				GCC_WARN_UNINITIALIZED_AUTOS = YES_AGGRESSIVE;
				GCC_WARN_UNUSED_FUNCTION = YES;
				GCC_WARN_UNUSED_VARIABLE = YES;
				IPHONEOS_DEPLOYMENT_TARGET = 15.4;
				MTL_ENABLE_DEBUG_INFO = NO;
				MTL_FAST_MATH = YES;
				SDKROOT = iphoneos;
				SWIFT_COMPILATION_MODE = wholemodule;
				SWIFT_OPTIMIZATION_LEVEL = "-O";
				VALIDATE_PRODUCT = YES;
			};
			name = Release;
		};
		F5DBA71428648D7600E009FB /* Debug */ = {
			isa = XCBuildConfiguration;
			buildSettings = {
				ASSETCATALOG_COMPILER_APPICON_NAME = AppIcon;
				ASSETCATALOG_COMPILER_GLOBAL_ACCENT_COLOR_NAME = AccentColor;
				CODE_SIGN_STYLE = Automatic;
				CURRENT_PROJECT_VERSION = 1;
				DEVELOPMENT_TEAM = L2WG7FZ7D7;
				GENERATE_INFOPLIST_FILE = YES;
				INFOPLIST_FILE = EssentialApp/Info.plist;
				INFOPLIST_KEY_UIApplicationSupportsIndirectInputEvents = YES;
				INFOPLIST_KEY_UILaunchStoryboardName = LaunchScreen;
				INFOPLIST_KEY_UIMainStoryboardFile = Main;
				INFOPLIST_KEY_UISupportedInterfaceOrientations = UIInterfaceOrientationPortrait;
				INFOPLIST_KEY_UISupportedInterfaceOrientations_iPad = "UIInterfaceOrientationPortrait UIInterfaceOrientationPortraitUpsideDown UIInterfaceOrientationLandscapeLeft UIInterfaceOrientationLandscapeRight";
				INFOPLIST_KEY_UISupportedInterfaceOrientations_iPhone = "UIInterfaceOrientationPortrait UIInterfaceOrientationLandscapeLeft UIInterfaceOrientationLandscapeRight";
				LD_RUNPATH_SEARCH_PATHS = (
					"$(inherited)",
					"@executable_path/Frameworks",
				);
				MARKETING_VERSION = 1.0;
				PRODUCT_BUNDLE_IDENTIFIER = Anil.EssentialApp;
				PRODUCT_NAME = "$(TARGET_NAME)";
				SWIFT_EMIT_LOC_STRINGS = YES;
				SWIFT_VERSION = 5.0;
				TARGETED_DEVICE_FAMILY = "1,2";
			};
			name = Debug;
		};
		F5DBA71528648D7600E009FB /* Release */ = {
			isa = XCBuildConfiguration;
			buildSettings = {
				ASSETCATALOG_COMPILER_APPICON_NAME = AppIcon;
				ASSETCATALOG_COMPILER_GLOBAL_ACCENT_COLOR_NAME = AccentColor;
				CODE_SIGN_STYLE = Automatic;
				CURRENT_PROJECT_VERSION = 1;
				DEVELOPMENT_TEAM = L2WG7FZ7D7;
				GENERATE_INFOPLIST_FILE = YES;
				INFOPLIST_FILE = EssentialApp/Info.plist;
				INFOPLIST_KEY_UIApplicationSupportsIndirectInputEvents = YES;
				INFOPLIST_KEY_UILaunchStoryboardName = LaunchScreen;
				INFOPLIST_KEY_UIMainStoryboardFile = Main;
				INFOPLIST_KEY_UISupportedInterfaceOrientations = UIInterfaceOrientationPortrait;
				INFOPLIST_KEY_UISupportedInterfaceOrientations_iPad = "UIInterfaceOrientationPortrait UIInterfaceOrientationPortraitUpsideDown UIInterfaceOrientationLandscapeLeft UIInterfaceOrientationLandscapeRight";
				INFOPLIST_KEY_UISupportedInterfaceOrientations_iPhone = "UIInterfaceOrientationPortrait UIInterfaceOrientationLandscapeLeft UIInterfaceOrientationLandscapeRight";
				LD_RUNPATH_SEARCH_PATHS = (
					"$(inherited)",
					"@executable_path/Frameworks",
				);
				MARKETING_VERSION = 1.0;
				PRODUCT_BUNDLE_IDENTIFIER = Anil.EssentialApp;
				PRODUCT_NAME = "$(TARGET_NAME)";
				SWIFT_EMIT_LOC_STRINGS = YES;
				SWIFT_VERSION = 5.0;
				TARGETED_DEVICE_FAMILY = "1,2";
			};
			name = Release;
		};
/* End XCBuildConfiguration section */

/* Begin XCConfigurationList section */
		F5B766BC28672BEC009DE53C /* Build configuration list for PBXNativeTarget "EssentialAppUIAcceptanceTests" */ = {
			isa = XCConfigurationList;
			buildConfigurations = (
				F5B766BD28672BEC009DE53C /* Debug */,
				F5B766BE28672BEC009DE53C /* Release */,
			);
			defaultConfigurationIsVisible = 0;
			defaultConfigurationName = Release;
		};
		F5D87C492864D444005804C0 /* Build configuration list for PBXNativeTarget "EssentialAppTests" */ = {
			isa = XCConfigurationList;
			buildConfigurations = (
				F5D87C4A2864D444005804C0 /* Debug */,
				F5D87C4B2864D444005804C0 /* Release */,
			);
			defaultConfigurationIsVisible = 0;
			defaultConfigurationName = Release;
		};
		F5DBA6FA28648D7400E009FB /* Build configuration list for PBXProject "EssentialApp" */ = {
			isa = XCConfigurationList;
			buildConfigurations = (
				F5DBA71128648D7600E009FB /* Debug */,
				F5DBA71228648D7600E009FB /* Release */,
			);
			defaultConfigurationIsVisible = 0;
			defaultConfigurationName = Release;
		};
		F5DBA71328648D7600E009FB /* Build configuration list for PBXNativeTarget "EssentialApp" */ = {
			isa = XCConfigurationList;
			buildConfigurations = (
				F5DBA71428648D7600E009FB /* Debug */,
				F5DBA71528648D7600E009FB /* Release */,
			);
			defaultConfigurationIsVisible = 0;
			defaultConfigurationName = Release;
		};
/* End XCConfigurationList section */
	};
	rootObject = F5DBA6F728648D7400E009FB /* Project object */;
}
