// !$*UTF8*$!
{
	archiveVersion = 1;
	classes = {
	};
	objectVersion = 55;
	objects = {

/* Begin PBXBuildFile section */
		F5854448286491B700AD9266 /* EssentialFeed.framework in Frameworks */ = {isa = PBXBuildFile; fileRef = F5854446286491B700AD9266 /* EssentialFeed.framework */; };
		F5854449286491B700AD9266 /* EssentialFeed.framework in Embed Frameworks */ = {isa = PBXBuildFile; fileRef = F5854446286491B700AD9266 /* EssentialFeed.framework */; settings = {ATTRIBUTES = (CodeSignOnCopy, RemoveHeadersOnCopy, ); }; };
		F585444A286491B700AD9266 /* EssentialFeediOS.framework in Frameworks */ = {isa = PBXBuildFile; fileRef = F5854447286491B700AD9266 /* EssentialFeediOS.framework */; };
		F585444B286491B700AD9266 /* EssentialFeediOS.framework in Embed Frameworks */ = {isa = PBXBuildFile; fileRef = F5854447286491B700AD9266 /* EssentialFeediOS.framework */; settings = {ATTRIBUTES = (CodeSignOnCopy, RemoveHeadersOnCopy, ); }; };
		F585445528649BC400AD9266 /* Main_module_01.md in Resources */ = {isa = PBXBuildFile; fileRef = F585445428649BC400AD9266 /* Main_module_01.md */; };
		F585445B28649C3700AD9266 /* Separate_models.png in Resources */ = {isa = PBXBuildFile; fileRef = F585445728649C3600AD9266 /* Separate_models.png */; };
		F585445C28649C3700AD9266 /* Architecture.png in Resources */ = {isa = PBXBuildFile; fileRef = F585445828649C3700AD9266 /* Architecture.png */; };
		F585445D28649C3700AD9266 /* ISP.png in Resources */ = {isa = PBXBuildFile; fileRef = F585445928649C3700AD9266 /* ISP.png */; };
		F585445E28649C3700AD9266 /* External_storage.png in Resources */ = {isa = PBXBuildFile; fileRef = F585445A28649C3700AD9266 /* External_storage.png */; };
		F5D87C3E2864D386005804C0 /* Lecture_02.md in Resources */ = {isa = PBXBuildFile; fileRef = F5D87C3D2864D386005804C0 /* Lecture_02.md */; };
		F5D87C462864D444005804C0 /* EssentialAppTests.swift in Sources */ = {isa = PBXBuildFile; fileRef = F5D87C452864D444005804C0 /* EssentialAppTests.swift */; };
		F5D87C4D2864D4E4005804C0 /* RemoteWithLocalFallbackFeedloaderTests.swift in Sources */ = {isa = PBXBuildFile; fileRef = F5D87C4C2864D4E4005804C0 /* RemoteWithLocalFallbackFeedloaderTests.swift */; };
		F5DBA70328648D7400E009FB /* AppDelegate.swift in Sources */ = {isa = PBXBuildFile; fileRef = F5DBA70228648D7400E009FB /* AppDelegate.swift */; };
		F5DBA70528648D7400E009FB /* SceneDelegate.swift in Sources */ = {isa = PBXBuildFile; fileRef = F5DBA70428648D7400E009FB /* SceneDelegate.swift */; };
		F5DBA70728648D7400E009FB /* ViewController.swift in Sources */ = {isa = PBXBuildFile; fileRef = F5DBA70628648D7400E009FB /* ViewController.swift */; };
		F5DBA70A28648D7400E009FB /* Main.storyboard in Resources */ = {isa = PBXBuildFile; fileRef = F5DBA70828648D7400E009FB /* Main.storyboard */; };
		F5DBA70C28648D7600E009FB /* Assets.xcassets in Resources */ = {isa = PBXBuildFile; fileRef = F5DBA70B28648D7600E009FB /* Assets.xcassets */; };
		F5DBA70F28648D7600E009FB /* LaunchScreen.storyboard in Resources */ = {isa = PBXBuildFile; fileRef = F5DBA70D28648D7600E009FB /* LaunchScreen.storyboard */; };
/* End PBXBuildFile section */

/* Begin PBXContainerItemProxy section */
		F5D87C472864D444005804C0 /* PBXContainerItemProxy */ = {
			isa = PBXContainerItemProxy;
			containerPortal = F5DBA6F728648D7400E009FB /* Project object */;
			proxyType = 1;
			remoteGlobalIDString = F5DBA6FE28648D7400E009FB;
			remoteInfo = EssentialApp;
		};
/* End PBXContainerItemProxy section */

/* Begin PBXCopyFilesBuildPhase section */
		F585444C286491B700AD9266 /* Embed Frameworks */ = {
			isa = PBXCopyFilesBuildPhase;
			buildActionMask = 2147483647;
			dstPath = "";
			dstSubfolderSpec = 10;
			files = (
				F5854449286491B700AD9266 /* EssentialFeed.framework in Embed Frameworks */,
				F585444B286491B700AD9266 /* EssentialFeediOS.framework in Embed Frameworks */,
			);
			name = "Embed Frameworks";
			runOnlyForDeploymentPostprocessing = 0;
		};
/* End PBXCopyFilesBuildPhase section */

/* Begin PBXFileReference section */
		F5854446286491B700AD9266 /* EssentialFeed.framework */ = {isa = PBXFileReference; explicitFileType = wrapper.framework; path = EssentialFeed.framework; sourceTree = BUILT_PRODUCTS_DIR; };
		F5854447286491B700AD9266 /* EssentialFeediOS.framework */ = {isa = PBXFileReference; explicitFileType = wrapper.framework; path = EssentialFeediOS.framework; sourceTree = BUILT_PRODUCTS_DIR; };
		F585445428649BC400AD9266 /* Main_module_01.md */ = {isa = PBXFileReference; lastKnownFileType = net.daringfireball.markdown; path = Main_module_01.md; sourceTree = "<group>"; };
		F585445728649C3600AD9266 /* Separate_models.png */ = {isa = PBXFileReference; lastKnownFileType = image.png; path = Separate_models.png; sourceTree = "<group>"; };
		F585445828649C3700AD9266 /* Architecture.png */ = {isa = PBXFileReference; lastKnownFileType = image.png; path = Architecture.png; sourceTree = "<group>"; };
		F585445928649C3700AD9266 /* ISP.png */ = {isa = PBXFileReference; lastKnownFileType = image.png; path = ISP.png; sourceTree = "<group>"; };
		F585445A28649C3700AD9266 /* External_storage.png */ = {isa = PBXFileReference; lastKnownFileType = image.png; path = External_storage.png; sourceTree = "<group>"; };
		F5D87C3D2864D386005804C0 /* Lecture_02.md */ = {isa = PBXFileReference; lastKnownFileType = net.daringfireball.markdown; path = Lecture_02.md; sourceTree = "<group>"; };
		F5D87C432864D444005804C0 /* EssentialAppTests.xctest */ = {isa = PBXFileReference; explicitFileType = wrapper.cfbundle; includeInIndex = 0; path = EssentialAppTests.xctest; sourceTree = BUILT_PRODUCTS_DIR; };
		F5D87C452864D444005804C0 /* EssentialAppTests.swift */ = {isa = PBXFileReference; lastKnownFileType = sourcecode.swift; path = EssentialAppTests.swift; sourceTree = "<group>"; };
		F5D87C4C2864D4E4005804C0 /* RemoteWithLocalFallbackFeedloaderTests.swift */ = {isa = PBXFileReference; lastKnownFileType = sourcecode.swift; path = RemoteWithLocalFallbackFeedloaderTests.swift; sourceTree = "<group>"; };
		F5DBA6FF28648D7400E009FB /* EssentialApp.app */ = {isa = PBXFileReference; explicitFileType = wrapper.application; includeInIndex = 0; path = EssentialApp.app; sourceTree = BUILT_PRODUCTS_DIR; };
		F5DBA70228648D7400E009FB /* AppDelegate.swift */ = {isa = PBXFileReference; lastKnownFileType = sourcecode.swift; path = AppDelegate.swift; sourceTree = "<group>"; };
		F5DBA70428648D7400E009FB /* SceneDelegate.swift */ = {isa = PBXFileReference; lastKnownFileType = sourcecode.swift; path = SceneDelegate.swift; sourceTree = "<group>"; };
		F5DBA70628648D7400E009FB /* ViewController.swift */ = {isa = PBXFileReference; lastKnownFileType = sourcecode.swift; path = ViewController.swift; sourceTree = "<group>"; };
		F5DBA70928648D7400E009FB /* Base */ = {isa = PBXFileReference; lastKnownFileType = file.storyboard; name = Base; path = Base.lproj/Main.storyboard; sourceTree = "<group>"; };
		F5DBA70B28648D7600E009FB /* Assets.xcassets */ = {isa = PBXFileReference; lastKnownFileType = folder.assetcatalog; path = Assets.xcassets; sourceTree = "<group>"; };
		F5DBA70E28648D7600E009FB /* Base */ = {isa = PBXFileReference; lastKnownFileType = file.storyboard; name = Base; path = Base.lproj/LaunchScreen.storyboard; sourceTree = "<group>"; };
		F5DBA71028648D7600E009FB /* Info.plist */ = {isa = PBXFileReference; lastKnownFileType = text.plist.xml; path = Info.plist; sourceTree = "<group>"; };
/* End PBXFileReference section */

/* Begin PBXFrameworksBuildPhase section */
		F5D87C402864D444005804C0 /* Frameworks */ = {
			isa = PBXFrameworksBuildPhase;
			buildActionMask = 2147483647;
			files = (
			);
			runOnlyForDeploymentPostprocessing = 0;
		};
		F5DBA6FC28648D7400E009FB /* Frameworks */ = {
			isa = PBXFrameworksBuildPhase;
			buildActionMask = 2147483647;
			files = (
				F5854448286491B700AD9266 /* EssentialFeed.framework in Frameworks */,
				F585444A286491B700AD9266 /* EssentialFeediOS.framework in Frameworks */,
			);
			runOnlyForDeploymentPostprocessing = 0;
		};
/* End PBXFrameworksBuildPhase section */

/* Begin PBXGroup section */
		F5854445286491B700AD9266 /* Frameworks */ = {
			isa = PBXGroup;
			children = (
				F5854446286491B700AD9266 /* EssentialFeed.framework */,
				F5854447286491B700AD9266 /* EssentialFeediOS.framework */,
			);
			name = Frameworks;
			sourceTree = "<group>";
		};
		F585444D286497BB00AD9266 /* Main Module_Reference_ material */ = {
			isa = PBXGroup;
			children = (
				F5D87C3C2864D1F7005804C0 /* Lecture _02 */,
				F585445628649BED00AD9266 /* Lecture_01 */,
			);
			path = "Main Module_Reference_ material";
			sourceTree = "<group>";
		};
		F585445628649BED00AD9266 /* Lecture_01 */ = {
			isa = PBXGroup;
			children = (
				F585445428649BC400AD9266 /* Main_module_01.md */,
				F585445828649C3700AD9266 /* Architecture.png */,
				F585445A28649C3700AD9266 /* External_storage.png */,
				F585445928649C3700AD9266 /* ISP.png */,
				F585445728649C3600AD9266 /* Separate_models.png */,
			);
			path = Lecture_01;
			sourceTree = "<group>";
		};
		F5D87C3C2864D1F7005804C0 /* Lecture _02 */ = {
			isa = PBXGroup;
			children = (
				F5D87C3D2864D386005804C0 /* Lecture_02.md */,
			);
			path = "Lecture _02";
			sourceTree = "<group>";
		};
		F5D87C442864D444005804C0 /* EssentialAppTests */ = {
			isa = PBXGroup;
			children = (
				F5D87C452864D444005804C0 /* EssentialAppTests.swift */,
				F5D87C4C2864D4E4005804C0 /* RemoteWithLocalFallbackFeedloaderTests.swift */,
			);
			path = EssentialAppTests;
			sourceTree = "<group>";
		};
		F5DBA6F628648D7400E009FB = {
			isa = PBXGroup;
			children = (
				F585444D286497BB00AD9266 /* Main Module_Reference_ material */,
				F5DBA70128648D7400E009FB /* EssentialApp */,
				F5D87C442864D444005804C0 /* EssentialAppTests */,
				F5DBA70028648D7400E009FB /* Products */,
				F5854445286491B700AD9266 /* Frameworks */,
			);
			sourceTree = "<group>";
		};
		F5DBA70028648D7400E009FB /* Products */ = {
			isa = PBXGroup;
			children = (
				F5DBA6FF28648D7400E009FB /* EssentialApp.app */,
				F5D87C432864D444005804C0 /* EssentialAppTests.xctest */,
			);
			name = Products;
			sourceTree = "<group>";
		};
		F5DBA70128648D7400E009FB /* EssentialApp */ = {
			isa = PBXGroup;
			children = (
				F5DBA70228648D7400E009FB /* AppDelegate.swift */,
				F5DBA70428648D7400E009FB /* SceneDelegate.swift */,
				F5DBA70628648D7400E009FB /* ViewController.swift */,
				F5DBA70828648D7400E009FB /* Main.storyboard */,
				F5DBA70B28648D7600E009FB /* Assets.xcassets */,
				F5DBA70D28648D7600E009FB /* LaunchScreen.storyboard */,
				F5DBA71028648D7600E009FB /* Info.plist */,
			);
			path = EssentialApp;
			sourceTree = "<group>";
		};
/* End PBXGroup section */

/* Begin PBXNativeTarget section */
		F5D87C422864D444005804C0 /* EssentialAppTests */ = {
			isa = PBXNativeTarget;
			buildConfigurationList = F5D87C492864D444005804C0 /* Build configuration list for PBXNativeTarget "EssentialAppTests" */;
			buildPhases = (
				F5D87C3F2864D444005804C0 /* Sources */,
				F5D87C402864D444005804C0 /* Frameworks */,
				F5D87C412864D444005804C0 /* Resources */,
			);
			buildRules = (
			);
			dependencies = (
				F5D87C482864D444005804C0 /* PBXTargetDependency */,
			);
			name = EssentialAppTests;
			productName = EssentialAppTests;
			productReference = F5D87C432864D444005804C0 /* EssentialAppTests.xctest */;
			productType = "com.apple.product-type.bundle.unit-test";
		};
		F5DBA6FE28648D7400E009FB /* EssentialApp */ = {
			isa = PBXNativeTarget;
			buildConfigurationList = F5DBA71328648D7600E009FB /* Build configuration list for PBXNativeTarget "EssentialApp" */;
			buildPhases = (
				F5DBA6FB28648D7400E009FB /* Sources */,
				F5DBA6FC28648D7400E009FB /* Frameworks */,
				F5DBA6FD28648D7400E009FB /* Resources */,
				F585444C286491B700AD9266 /* Embed Frameworks */,
			);
			buildRules = (
			);
			dependencies = (
			);
			name = EssentialApp;
			productName = EssentialApp;
			productReference = F5DBA6FF28648D7400E009FB /* EssentialApp.app */;
			productType = "com.apple.product-type.application";
		};
/* End PBXNativeTarget section */

/* Begin PBXProject section */
		F5DBA6F728648D7400E009FB /* Project object */ = {
			isa = PBXProject;
			attributes = {
				BuildIndependentTargetsInParallel = 1;
				LastSwiftUpdateCheck = 1330;
				LastUpgradeCheck = 1330;
				TargetAttributes = {
					F5D87C422864D444005804C0 = {
						CreatedOnToolsVersion = 13.3;
						TestTargetID = F5DBA6FE28648D7400E009FB;
					};
					F5DBA6FE28648D7400E009FB = {
						CreatedOnToolsVersion = 13.3;
					};
				};
			};
			buildConfigurationList = F5DBA6FA28648D7400E009FB /* Build configuration list for PBXProject "EssentialApp" */;
			compatibilityVersion = "Xcode 13.0";
			developmentRegion = en;
			hasScannedForEncodings = 0;
			knownRegions = (
				en,
				Base,
			);
			mainGroup = F5DBA6F628648D7400E009FB;
			productRefGroup = F5DBA70028648D7400E009FB /* Products */;
			projectDirPath = "";
			projectRoot = "";
			targets = (
				F5DBA6FE28648D7400E009FB /* EssentialApp */,
				F5D87C422864D444005804C0 /* EssentialAppTests */,
			);
		};
/* End PBXProject section */

/* Begin PBXResourcesBuildPhase section */
		F5D87C412864D444005804C0 /* Resources */ = {
			isa = PBXResourcesBuildPhase;
			buildActionMask = 2147483647;
			files = (
			);
			runOnlyForDeploymentPostprocessing = 0;
		};
		F5DBA6FD28648D7400E009FB /* Resources */ = {
			isa = PBXResourcesBuildPhase;
			buildActionMask = 2147483647;
			files = (
				F5DBA70F28648D7600E009FB /* LaunchScreen.storyboard in Resources */,
				F5DBA70C28648D7600E009FB /* Assets.xcassets in Resources */,
				F585445C28649C3700AD9266 /* Architecture.png in Resources */,
				F5D87C3E2864D386005804C0 /* Lecture_02.md in Resources */,
				F585445528649BC400AD9266 /* Main_module_01.md in Resources */,
				F5DBA70A28648D7400E009FB /* Main.storyboard in Resources */,
				F585445D28649C3700AD9266 /* ISP.png in Resources */,
				F585445E28649C3700AD9266 /* External_storage.png in Resources */,
				F585445B28649C3700AD9266 /* Separate_models.png in Resources */,
			);
			runOnlyForDeploymentPostprocessing = 0;
		};
/* End PBXResourcesBuildPhase section */

/* Begin PBXSourcesBuildPhase section */
		F5D87C3F2864D444005804C0 /* Sources */ = {
			isa = PBXSourcesBuildPhase;
			buildActionMask = 2147483647;
			files = (
				F5D87C4D2864D4E4005804C0 /* RemoteWithLocalFallbackFeedloaderTests.swift in Sources */,
				F5D87C462864D444005804C0 /* EssentialAppTests.swift in Sources */,
			);
			runOnlyForDeploymentPostprocessing = 0;
		};
		F5DBA6FB28648D7400E009FB /* Sources */ = {
			isa = PBXSourcesBuildPhase;
			buildActionMask = 2147483647;
			files = (
				F5DBA70728648D7400E009FB /* ViewController.swift in Sources */,
				F5DBA70328648D7400E009FB /* AppDelegate.swift in Sources */,
				F5DBA70528648D7400E009FB /* SceneDelegate.swift in Sources */,
			);
			runOnlyForDeploymentPostprocessing = 0;
		};
/* End PBXSourcesBuildPhase section */

/* Begin PBXTargetDependency section */
		F5D87C482864D444005804C0 /* PBXTargetDependency */ = {
			isa = PBXTargetDependency;
			target = F5DBA6FE28648D7400E009FB /* EssentialApp */;
			targetProxy = F5D87C472864D444005804C0 /* PBXContainerItemProxy */;
		};
/* End PBXTargetDependency section */

/* Begin PBXVariantGroup section */
		F5DBA70828648D7400E009FB /* Main.storyboard */ = {
			isa = PBXVariantGroup;
			children = (
				F5DBA70928648D7400E009FB /* Base */,
			);
			name = Main.storyboard;
			sourceTree = "<group>";
		};
		F5DBA70D28648D7600E009FB /* LaunchScreen.storyboard */ = {
			isa = PBXVariantGroup;
			children = (
				F5DBA70E28648D7600E009FB /* Base */,
			);
			name = LaunchScreen.storyboard;
			sourceTree = "<group>";
		};
/* End PBXVariantGroup section */

/* Begin XCBuildConfiguration section */
		F5D87C4A2864D444005804C0 /* Debug */ = {
			isa = XCBuildConfiguration;
			buildSettings = {
				BUNDLE_LOADER = "$(TEST_HOST)";
				CODE_SIGN_STYLE = Automatic;
				CURRENT_PROJECT_VERSION = 1;
				DEVELOPMENT_TEAM = L2WG7FZ7D7;
				GENERATE_INFOPLIST_FILE = YES;
				MARKETING_VERSION = 1.0;
				PRODUCT_BUNDLE_IDENTIFIER = Anil.EssentialAppTests;
				PRODUCT_NAME = "$(TARGET_NAME)";
				SWIFT_EMIT_LOC_STRINGS = NO;
				SWIFT_VERSION = 5.0;
				TARGETED_DEVICE_FAMILY = "1,2";
				TEST_HOST = "$(BUILT_PRODUCTS_DIR)/EssentialApp.app/EssentialApp";
			};
			name = Debug;
		};
		F5D87C4B2864D444005804C0 /* Release */ = {
			isa = XCBuildConfiguration;
			buildSettings = {
				BUNDLE_LOADER = "$(TEST_HOST)";
				CODE_SIGN_STYLE = Automatic;
				CURRENT_PROJECT_VERSION = 1;
				DEVELOPMENT_TEAM = L2WG7FZ7D7;
				GENERATE_INFOPLIST_FILE = YES;
				MARKETING_VERSION = 1.0;
				PRODUCT_BUNDLE_IDENTIFIER = Anil.EssentialAppTests;
				PRODUCT_NAME = "$(TARGET_NAME)";
				SWIFT_EMIT_LOC_STRINGS = NO;
				SWIFT_VERSION = 5.0;
				TARGETED_DEVICE_FAMILY = "1,2";
				TEST_HOST = "$(BUILT_PRODUCTS_DIR)/EssentialApp.app/EssentialApp";
			};
			name = Release;
		};
		F5DBA71128648D7600E009FB /* Debug */ = {
			isa = XCBuildConfiguration;
			buildSettings = {
				ALWAYS_SEARCH_USER_PATHS = NO;
				CLANG_ANALYZER_NONNULL = YES;
				CLANG_ANALYZER_NUMBER_OBJECT_CONVERSION = YES_AGGRESSIVE;
				CLANG_CXX_LANGUAGE_STANDARD = "gnu++17";
				CLANG_ENABLE_MODULES = YES;
				CLANG_ENABLE_OBJC_ARC = YES;
				CLANG_ENABLE_OBJC_WEAK = YES;
				CLANG_WARN_BLOCK_CAPTURE_AUTORELEASING = YES;
				CLANG_WARN_BOOL_CONVERSION = YES;
				CLANG_WARN_COMMA = YES;
				CLANG_WARN_CONSTANT_CONVERSION = YES;
				CLANG_WARN_DEPRECATED_OBJC_IMPLEMENTATIONS = YES;
				CLANG_WARN_DIRECT_OBJC_ISA_USAGE = YES_ERROR;
				CLANG_WARN_DOCUMENTATION_COMMENTS = YES;
				CLANG_WARN_EMPTY_BODY = YES;
				CLANG_WARN_ENUM_CONVERSION = YES;
				CLANG_WARN_INFINITE_RECURSION = YES;
				CLANG_WARN_INT_CONVERSION = YES;
				CLANG_WARN_NON_LITERAL_NULL_CONVERSION = YES;
				CLANG_WARN_OBJC_IMPLICIT_RETAIN_SELF = YES;
				CLANG_WARN_OBJC_LITERAL_CONVERSION = YES;
				CLANG_WARN_OBJC_ROOT_CLASS = YES_ERROR;
				CLANG_WARN_QUOTED_INCLUDE_IN_FRAMEWORK_HEADER = YES;
				CLANG_WARN_RANGE_LOOP_ANALYSIS = YES;
				CLANG_WARN_STRICT_PROTOTYPES = YES;
				CLANG_WARN_SUSPICIOUS_MOVE = YES;
				CLANG_WARN_UNGUARDED_AVAILABILITY = YES_AGGRESSIVE;
				CLANG_WARN_UNREACHABLE_CODE = YES;
				CLANG_WARN__DUPLICATE_METHOD_MATCH = YES;
				COPY_PHASE_STRIP = NO;
				DEBUG_INFORMATION_FORMAT = dwarf;
				ENABLE_STRICT_OBJC_MSGSEND = YES;
				ENABLE_TESTABILITY = YES;
				GCC_C_LANGUAGE_STANDARD = gnu11;
				GCC_DYNAMIC_NO_PIC = NO;
				GCC_NO_COMMON_BLOCKS = YES;
				GCC_OPTIMIZATION_LEVEL = 0;
				GCC_PREPROCESSOR_DEFINITIONS = (
					"DEBUG=1",
					"$(inherited)",
				);
				GCC_WARN_64_TO_32_BIT_CONVERSION = YES;
				GCC_WARN_ABOUT_RETURN_TYPE = YES_ERROR;
				GCC_WARN_UNDECLARED_SELECTOR = YES;
				GCC_WARN_UNINITIALIZED_AUTOS = YES_AGGRESSIVE;
				GCC_WARN_UNUSED_FUNCTION = YES;
				GCC_WARN_UNUSED_VARIABLE = YES;
				IPHONEOS_DEPLOYMENT_TARGET = 15.4;
				MTL_ENABLE_DEBUG_INFO = INCLUDE_SOURCE;
				MTL_FAST_MATH = YES;
				ONLY_ACTIVE_ARCH = YES;
				SDKROOT = iphoneos;
				SWIFT_ACTIVE_COMPILATION_CONDITIONS = DEBUG;
				SWIFT_OPTIMIZATION_LEVEL = "-Onone";
			};
			name = Debug;
		};
		F5DBA71228648D7600E009FB /* Release */ = {
			isa = XCBuildConfiguration;
			buildSettings = {
				ALWAYS_SEARCH_USER_PATHS = NO;
				CLANG_ANALYZER_NONNULL = YES;
				CLANG_ANALYZER_NUMBER_OBJECT_CONVERSION = YES_AGGRESSIVE;
				CLANG_CXX_LANGUAGE_STANDARD = "gnu++17";
				CLANG_ENABLE_MODULES = YES;
				CLANG_ENABLE_OBJC_ARC = YES;
				CLANG_ENABLE_OBJC_WEAK = YES;
				CLANG_WARN_BLOCK_CAPTURE_AUTORELEASING = YES;
				CLANG_WARN_BOOL_CONVERSION = YES;
				CLANG_WARN_COMMA = YES;
				CLANG_WARN_CONSTANT_CONVERSION = YES;
				CLANG_WARN_DEPRECATED_OBJC_IMPLEMENTATIONS = YES;
				CLANG_WARN_DIRECT_OBJC_ISA_USAGE = YES_ERROR;
				CLANG_WARN_DOCUMENTATION_COMMENTS = YES;
				CLANG_WARN_EMPTY_BODY = YES;
				CLANG_WARN_ENUM_CONVERSION = YES;
				CLANG_WARN_INFINITE_RECURSION = YES;
				CLANG_WARN_INT_CONVERSION = YES;
				CLANG_WARN_NON_LITERAL_NULL_CONVERSION = YES;
				CLANG_WARN_OBJC_IMPLICIT_RETAIN_SELF = YES;
				CLANG_WARN_OBJC_LITERAL_CONVERSION = YES;
				CLANG_WARN_OBJC_ROOT_CLASS = YES_ERROR;
				CLANG_WARN_QUOTED_INCLUDE_IN_FRAMEWORK_HEADER = YES;
				CLANG_WARN_RANGE_LOOP_ANALYSIS = YES;
				CLANG_WARN_STRICT_PROTOTYPES = YES;
				CLANG_WARN_SUSPICIOUS_MOVE = YES;
				CLANG_WARN_UNGUARDED_AVAILABILITY = YES_AGGRESSIVE;
				CLANG_WARN_UNREACHABLE_CODE = YES;
				CLANG_WARN__DUPLICATE_METHOD_MATCH = YES;
				COPY_PHASE_STRIP = NO;
				DEBUG_INFORMATION_FORMAT = "dwarf-with-dsym";
				ENABLE_NS_ASSERTIONS = NO;
				ENABLE_STRICT_OBJC_MSGSEND = YES;
				GCC_C_LANGUAGE_STANDARD = gnu11;
				GCC_NO_COMMON_BLOCKS = YES;
				GCC_WARN_64_TO_32_BIT_CONVERSION = YES;
				GCC_WARN_ABOUT_RETURN_TYPE = YES_ERROR;
				GCC_WARN_UNDECLARED_SELECTOR = YES;
				GCC_WARN_UNINITIALIZED_AUTOS = YES_AGGRESSIVE;
				GCC_WARN_UNUSED_FUNCTION = YES;
				GCC_WARN_UNUSED_VARIABLE = YES;
				IPHONEOS_DEPLOYMENT_TARGET = 15.4;
				MTL_ENABLE_DEBUG_INFO = NO;
				MTL_FAST_MATH = YES;
				SDKROOT = iphoneos;
				SWIFT_COMPILATION_MODE = wholemodule;
				SWIFT_OPTIMIZATION_LEVEL = "-O";
				VALIDATE_PRODUCT = YES;
			};
			name = Release;
		};
		F5DBA71428648D7600E009FB /* Debug */ = {
			isa = XCBuildConfiguration;
			buildSettings = {
				ASSETCATALOG_COMPILER_APPICON_NAME = AppIcon;
				ASSETCATALOG_COMPILER_GLOBAL_ACCENT_COLOR_NAME = AccentColor;
				CODE_SIGN_STYLE = Automatic;
				CURRENT_PROJECT_VERSION = 1;
				DEVELOPMENT_TEAM = L2WG7FZ7D7;
				GENERATE_INFOPLIST_FILE = YES;
				INFOPLIST_FILE = EssentialApp/Info.plist;
				INFOPLIST_KEY_UIApplicationSupportsIndirectInputEvents = YES;
				INFOPLIST_KEY_UILaunchStoryboardName = LaunchScreen;
				INFOPLIST_KEY_UIMainStoryboardFile = Main;
				INFOPLIST_KEY_UISupportedInterfaceOrientations_iPad = "UIInterfaceOrientationPortrait UIInterfaceOrientationPortraitUpsideDown UIInterfaceOrientationLandscapeLeft UIInterfaceOrientationLandscapeRight";
				INFOPLIST_KEY_UISupportedInterfaceOrientations_iPhone = "UIInterfaceOrientationPortrait UIInterfaceOrientationLandscapeLeft UIInterfaceOrientationLandscapeRight";
				LD_RUNPATH_SEARCH_PATHS = (
					"$(inherited)",
					"@executable_path/Frameworks",
				);
				MARKETING_VERSION = 1.0;
				PRODUCT_BUNDLE_IDENTIFIER = Anil.EssentialApp;
				PRODUCT_NAME = "$(TARGET_NAME)";
				SWIFT_EMIT_LOC_STRINGS = YES;
				SWIFT_VERSION = 5.0;
				TARGETED_DEVICE_FAMILY = "1,2";
			};
			name = Debug;
		};
		F5DBA71528648D7600E009FB /* Release */ = {
			isa = XCBuildConfiguration;
			buildSettings = {
				ASSETCATALOG_COMPILER_APPICON_NAME = AppIcon;
				ASSETCATALOG_COMPILER_GLOBAL_ACCENT_COLOR_NAME = AccentColor;
				CODE_SIGN_STYLE = Automatic;
				CURRENT_PROJECT_VERSION = 1;
				DEVELOPMENT_TEAM = L2WG7FZ7D7;
				GENERATE_INFOPLIST_FILE = YES;
				INFOPLIST_FILE = EssentialApp/Info.plist;
				INFOPLIST_KEY_UIApplicationSupportsIndirectInputEvents = YES;
				INFOPLIST_KEY_UILaunchStoryboardName = LaunchScreen;
				INFOPLIST_KEY_UIMainStoryboardFile = Main;
				INFOPLIST_KEY_UISupportedInterfaceOrientations_iPad = "UIInterfaceOrientationPortrait UIInterfaceOrientationPortraitUpsideDown UIInterfaceOrientationLandscapeLeft UIInterfaceOrientationLandscapeRight";
				INFOPLIST_KEY_UISupportedInterfaceOrientations_iPhone = "UIInterfaceOrientationPortrait UIInterfaceOrientationLandscapeLeft UIInterfaceOrientationLandscapeRight";
				LD_RUNPATH_SEARCH_PATHS = (
					"$(inherited)",
					"@executable_path/Frameworks",
				);
				MARKETING_VERSION = 1.0;
				PRODUCT_BUNDLE_IDENTIFIER = Anil.EssentialApp;
				PRODUCT_NAME = "$(TARGET_NAME)";
				SWIFT_EMIT_LOC_STRINGS = YES;
				SWIFT_VERSION = 5.0;
				TARGETED_DEVICE_FAMILY = "1,2";
			};
			name = Release;
		};
/* End XCBuildConfiguration section */

/* Begin XCConfigurationList section */
		F5D87C492864D444005804C0 /* Build configuration list for PBXNativeTarget "EssentialAppTests" */ = {
			isa = XCConfigurationList;
			buildConfigurations = (
				F5D87C4A2864D444005804C0 /* Debug */,
				F5D87C4B2864D444005804C0 /* Release */,
			);
			defaultConfigurationIsVisible = 0;
			defaultConfigurationName = Release;
		};
		F5DBA6FA28648D7400E009FB /* Build configuration list for PBXProject "EssentialApp" */ = {
			isa = XCConfigurationList;
			buildConfigurations = (
				F5DBA71128648D7600E009FB /* Debug */,
				F5DBA71228648D7600E009FB /* Release */,
			);
			defaultConfigurationIsVisible = 0;
			defaultConfigurationName = Release;
		};
		F5DBA71328648D7600E009FB /* Build configuration list for PBXNativeTarget "EssentialApp" */ = {
			isa = XCConfigurationList;
			buildConfigurations = (
				F5DBA71428648D7600E009FB /* Debug */,
				F5DBA71528648D7600E009FB /* Release */,
			);
			defaultConfigurationIsVisible = 0;
			defaultConfigurationName = Release;
		};
/* End XCConfigurationList section */
	};
	rootObject = F5DBA6F728648D7400E009FB /* Project object */;
}
